{
  "version": 4,
  "terraform_version": "1.12.2",
  "serial": 229,
  "lineage": "81e04001-662a-686e-f0f2-c289c1ef5701",
  "outputs": {
    "api_gateway_card_paid_url": {
      "value": "https://m9ugzkc15h.execute-api.us-west-1.amazonaws.com/dev/card/paid/{card_id}",
      "type": "string"
    },
    "api_gateway_transaction_purchase_url": {
      "value": "https://m9ugzkc15h.execute-api.us-west-1.amazonaws.com/dev/transactions/purchase",
      "type": "string"
    },
    "api_gateway_transaction_save_url": {
      "value": "https://m9ugzkc15h.execute-api.us-west-1.amazonaws.com/dev/transactions/save/{card_id}",
      "type": "string"
    }
  },
  "resources": [
    {
      "mode": "data",
      "type": "archive_file",
      "name": "lambda_card_paid_credit_card_file",
      "provider": "provider[\"registry.terraform.io/hashicorp/archive\"]",
      "instances": [
        {
          "schema_version": 0,
          "attributes": {
            "exclude_symlink_directories": null,
            "excludes": null,
            "id": "f5bbcd755776662b270ab4ea65f95d36442371dd",
            "output_base64sha256": "wqEdb3hRkZZeA7JNciHZci2xDRkeVQoZa/K8cs0Mj2I=",
            "output_base64sha512": "U/Ud3olVZc0lNH4pc53eI2DQusoO7lmrnDRUXfX5WJVpAaEX+zakAzFjgqE8o4QhGRgiZZxBaQ4hco8VQJgL4A==",
            "output_file_mode": null,
            "output_md5": "42c4bbcf40873f8f62f867900db3e0e8",
            "output_path": "lambda_card-paid-credit-card-lambda.zip",
            "output_sha": "f5bbcd755776662b270ab4ea65f95d36442371dd",
            "output_sha256": "c2a11d6f785191965e03b24d7221d9722db10d191e550a196bf2bc72cd0c8f62",
            "output_sha512": "53f51dde895565cd25347e29739dde2360d0baca0eee59ab9c34545df5f958956901a117fb36a403316382a13ca38421191822659c41690e21728f1540980be0",
            "output_size": 225806,
            "source": [],
            "source_content": null,
            "source_content_filename": null,
            "source_dir": null,
            "source_file": "./../app/dist/card-paid-credit-card-lambda.js",
            "type": "zip"
          },
          "sensitive_attributes": [],
          "identity_schema_version": 0
        }
      ]
    },
    {
      "mode": "data",
      "type": "archive_file",
      "name": "lambda_card_purchase_file",
      "provider": "provider[\"registry.terraform.io/hashicorp/archive\"]",
      "instances": [
        {
          "schema_version": 0,
          "attributes": {
            "exclude_symlink_directories": null,
            "excludes": null,
            "id": "74effd4f99de55d08fa38f0730120f1b4e8ceb10",
            "output_base64sha256": "yUwWw2kC4kDDc/wiPRpcDKv+yzshG5j7lR7bGZoR6MI=",
            "output_base64sha512": "OzYwoUKpGoN0YyYFe4/KLAc0EuPHOBUB6Tqkm1Qe1iSZyPCSdiRlD0K8+iv67sJK0nAt5Yhs0+tSMvQRaprThw==",
            "output_file_mode": null,
            "output_md5": "dde03bd22a93412cc63d2f205ed87c62",
            "output_path": "lambda_card-purchase-lambda.zip",
            "output_sha": "74effd4f99de55d08fa38f0730120f1b4e8ceb10",
            "output_sha256": "c94c16c36902e240c373fc223d1a5c0cabfecb3b211b98fb951edb199a11e8c2",
            "output_sha512": "3b3630a142a91a83746326057b8fca2c073412e3c7381501e93aa49b541ed62499c8f0927624650f42bcfa2bfaeec24ad2702de5886cd3eb5232f4116a9ad387",
            "output_size": 225722,
            "source": [],
            "source_content": null,
            "source_content_filename": null,
            "source_dir": null,
            "source_file": "./../app/dist/card-purchase-lambda.js",
            "type": "zip"
          },
          "sensitive_attributes": [],
          "identity_schema_version": 0
        }
      ]
    },
    {
      "mode": "data",
      "type": "archive_file",
      "name": "lambda_card_request_failed_file",
      "provider": "provider[\"registry.terraform.io/hashicorp/archive\"]",
      "instances": [
        {
          "schema_version": 0,
          "attributes": {
            "exclude_symlink_directories": null,
            "excludes": null,
            "id": "80ee1830dc70d5f5338cc7d4d89760ff3687ec40",
            "output_base64sha256": "VztWs8ZVW2vzjg6bPO4tbo17AwmNIEzknTqW4cqs/Qw=",
            "output_base64sha512": "nztDupyd77n5Io4ornh2BEOYdXr8iMk4qpRtA60PeODXgd/0A4UIyCBWHGUk2/2bgVw3bSVWMtc8lSI4T5J2cw==",
            "output_file_mode": null,
            "output_md5": "8fa55805e02ae598533f73986847fd10",
            "output_path": "lambda_card-request-failed-lambda.zip",
            "output_sha": "80ee1830dc70d5f5338cc7d4d89760ff3687ec40",
            "output_sha256": "573b56b3c6555b6bf38e0e9b3cee2d6e8d7b03098d204ce49d3a96e1caacfd0c",
            "output_sha512": "9f3b43ba9c9defb9f9228e28ae7876044398757afc88c938aa946d03ad0f78e0d781dff4038508c820561c6524dbfd9b815c376d255632d73c9522384f927673",
            "output_size": 2236258,
            "source": [],
            "source_content": null,
            "source_content_filename": null,
            "source_dir": null,
            "source_file": "./../app/dist/card-request-failed-lambda.js",
            "type": "zip"
          },
          "sensitive_attributes": [],
          "identity_schema_version": 0
        }
      ]
    },
    {
      "mode": "data",
      "type": "archive_file",
      "name": "lambda_card_transaction_save_file",
      "provider": "provider[\"registry.terraform.io/hashicorp/archive\"]",
      "instances": [
        {
          "schema_version": 0,
          "attributes": {
            "exclude_symlink_directories": null,
            "excludes": null,
            "id": "744ec889e878dc9a6dd306dc73d4a09efeb5ba18",
            "output_base64sha256": "Lp40lPJ2QryiaE0eQWXiXns2nX1MKt83TNZZGlcXBX4=",
            "output_base64sha512": "gVcKIR6vb+lE0DEyZpQwqiMPaC13aHBsIzwkj+SM/C5DmYz+ZQIPb1ANooqMkqXYe+O7hoWtUhAJ/8PrDgUztw==",
            "output_file_mode": null,
            "output_md5": "14d0cb9040a28b06e68c883698a813ba",
            "output_path": "lambda_card-transaction-save-lambda.zip",
            "output_sha": "744ec889e878dc9a6dd306dc73d4a09efeb5ba18",
            "output_sha256": "2e9e3494f27642bca2684d1e4165e25e7b369d7d4c2adf374cd6591a5717057e",
            "output_sha512": "81570a211eaf6fe944d03132669430aa230f682d7768706c233c248fe48cfc2e43998cfe65020f6f500da28a8c92a5d87be3bb8685ad521009ffc3eb0e0533b7",
            "output_size": 225659,
            "source": [],
            "source_content": null,
            "source_content_filename": null,
            "source_dir": null,
            "source_file": "./../app/dist/card-transaction-save-lambda.js",
            "type": "zip"
          },
          "sensitive_attributes": [],
          "identity_schema_version": 0
        }
      ]
    },
    {
      "mode": "data",
      "type": "archive_file",
      "name": "lambda_sqs_create_card_file",
      "provider": "provider[\"registry.terraform.io/hashicorp/archive\"]",
      "instances": [
        {
          "schema_version": 0,
          "attributes": {
            "exclude_symlink_directories": null,
            "excludes": null,
            "id": "169d487450680e400f0bbae04ce7e09e4313f598",
            "output_base64sha256": "ygspue3qzU/YPfVM9t/ISXFgXCEJX5KmnMwuMMKK47k=",
            "output_base64sha512": "fCXyhD2X9EN3IDebp2Jy+eHOSsp+xgmAk9v8tf0uegmLvgpaiI7JJu3jO9XLPsLbJRtAjHIjYNMJFTM6HiIofw==",
            "output_file_mode": null,
            "output_md5": "42772f8c8ff0b6d0cfd057edb03a9b05",
            "output_path": "lambda_create-request-card-lambda.zip",
            "output_sha": "169d487450680e400f0bbae04ce7e09e4313f598",
            "output_sha256": "ca0b29b9edeacd4fd83df54cf6dfc84971605c21095f92a69ccc2e30c28ae3b9",
            "output_sha512": "7c25f2843d97f4437720379ba76272f9e1ce4aca7ec6098093dbfcb5fd2e7a098bbe0a5a888ec926ede33bd5cb3ec2db251b408c722360d30915333a1e22287f",
            "output_size": 2251150,
            "source": [],
            "source_content": null,
            "source_content_filename": null,
            "source_dir": null,
            "source_file": "./../app/dist/create-request-card-lambda.js",
            "type": "zip"
          },
          "sensitive_attributes": [],
          "identity_schema_version": 0
        }
      ]
    },
    {
      "mode": "data",
      "type": "aws_iam_policy_document",
      "name": "assume_role_policy",
      "provider": "provider[\"registry.terraform.io/hashicorp/aws\"]",
      "instances": [
        {
          "schema_version": 0,
          "attributes": {
            "id": "2690255455",
            "json": "{\n  \"Version\": \"2012-10-17\",\n  \"Statement\": [\n    {\n      \"Effect\": \"Allow\",\n      \"Action\": \"sts:AssumeRole\",\n      \"Principal\": {\n        \"Service\": \"lambda.amazonaws.com\"\n      }\n    }\n  ]\n}",
            "minified_json": "{\"Version\":\"2012-10-17\",\"Statement\":[{\"Effect\":\"Allow\",\"Action\":\"sts:AssumeRole\",\"Principal\":{\"Service\":\"lambda.amazonaws.com\"}}]}",
            "override_json": null,
            "override_policy_documents": null,
            "policy_id": null,
            "source_json": null,
            "source_policy_documents": null,
            "statement": [
              {
                "actions": [
                  "sts:AssumeRole"
                ],
                "condition": [],
                "effect": "Allow",
                "not_actions": [],
                "not_principals": [],
                "not_resources": [],
                "principals": [
                  {
                    "identifiers": [
                      "lambda.amazonaws.com"
                    ],
                    "type": "Service"
                  }
                ],
                "resources": [],
                "sid": ""
              }
            ],
            "version": "2012-10-17"
          },
          "sensitive_attributes": [],
          "identity_schema_version": 0
        }
      ]
    },
    {
      "mode": "data",
      "type": "aws_iam_policy_document",
      "name": "lambda_card_paid_credit_card_execution",
      "provider": "provider[\"registry.terraform.io/hashicorp/aws\"]",
      "instances": [
        {
          "schema_version": 0,
          "attributes": {
            "id": "2085907441",
            "json": "{\n  \"Version\": \"2012-10-17\",\n  \"Statement\": [\n    {\n      \"Effect\": \"Allow\",\n      \"Action\": [\n        \"dynamodb:UpdateItem\",\n        \"dynamodb:GetItem\"\n      ],\n      \"Resource\": \"arn:aws:dynamodb:us-west-1:149078755102:table/card-table\"\n    },\n    {\n      \"Effect\": \"Allow\",\n      \"Action\": [\n        \"dynamodb:UpdateItem\",\n        \"dynamodb:PutItem\",\n        \"dynamodb:GetItem\"\n      ],\n      \"Resource\": \"arn:aws:dynamodb:us-west-1:149078755102:table/transaction-table\"\n    },\n    {\n      \"Effect\": \"Allow\",\n      \"Action\": [\n        \"sqs:SendMessage\",\n        \"sqs:ReceiveMessage\",\n        \"sqs:GetQueueUrl\",\n        \"sqs:GetQueueAttributes\",\n        \"sqs:DeleteMessage\"\n      ],\n      \"Resource\": \"arn:aws:sqs:us-west-1:149078755102:notification-email-sqs\"\n    },\n    {\n      \"Effect\": \"Allow\",\n      \"Action\": [\n        \"logs:PutLogEvents\",\n        \"logs:CreateLogStream\",\n        \"logs:CreateLogGroup\"\n      ],\n      \"Resource\": \"arn:aws:logs:*:*:*\"\n    }\n  ]\n}",
            "minified_json": "{\"Version\":\"2012-10-17\",\"Statement\":[{\"Effect\":\"Allow\",\"Action\":[\"dynamodb:UpdateItem\",\"dynamodb:GetItem\"],\"Resource\":\"arn:aws:dynamodb:us-west-1:149078755102:table/card-table\"},{\"Effect\":\"Allow\",\"Action\":[\"dynamodb:UpdateItem\",\"dynamodb:PutItem\",\"dynamodb:GetItem\"],\"Resource\":\"arn:aws:dynamodb:us-west-1:149078755102:table/transaction-table\"},{\"Effect\":\"Allow\",\"Action\":[\"sqs:SendMessage\",\"sqs:ReceiveMessage\",\"sqs:GetQueueUrl\",\"sqs:GetQueueAttributes\",\"sqs:DeleteMessage\"],\"Resource\":\"arn:aws:sqs:us-west-1:149078755102:notification-email-sqs\"},{\"Effect\":\"Allow\",\"Action\":[\"logs:PutLogEvents\",\"logs:CreateLogStream\",\"logs:CreateLogGroup\"],\"Resource\":\"arn:aws:logs:*:*:*\"}]}",
            "override_json": null,
            "override_policy_documents": null,
            "policy_id": null,
            "source_json": null,
            "source_policy_documents": null,
            "statement": [
              {
                "actions": [
                  "dynamodb:GetItem",
                  "dynamodb:UpdateItem"
                ],
                "condition": [],
                "effect": "Allow",
                "not_actions": [],
                "not_principals": [],
                "not_resources": [],
                "principals": [],
                "resources": [
                  "arn:aws:dynamodb:us-west-1:149078755102:table/card-table"
                ],
                "sid": ""
              },
              {
                "actions": [
                  "dynamodb:GetItem",
                  "dynamodb:PutItem",
                  "dynamodb:UpdateItem"
                ],
                "condition": [],
                "effect": "Allow",
                "not_actions": [],
                "not_principals": [],
                "not_resources": [],
                "principals": [],
                "resources": [
                  "arn:aws:dynamodb:us-west-1:149078755102:table/transaction-table"
                ],
                "sid": ""
              },
              {
                "actions": [
                  "sqs:DeleteMessage",
                  "sqs:GetQueueAttributes",
                  "sqs:GetQueueUrl",
                  "sqs:ReceiveMessage",
                  "sqs:SendMessage"
                ],
                "condition": [],
                "effect": "Allow",
                "not_actions": [],
                "not_principals": [],
                "not_resources": [],
                "principals": [],
                "resources": [
                  "arn:aws:sqs:us-west-1:149078755102:notification-email-sqs"
                ],
                "sid": ""
              },
              {
                "actions": [
                  "logs:CreateLogGroup",
                  "logs:CreateLogStream",
                  "logs:PutLogEvents"
                ],
                "condition": [],
                "effect": "Allow",
                "not_actions": [],
                "not_principals": [],
                "not_resources": [],
                "principals": [],
                "resources": [
                  "arn:aws:logs:*:*:*"
                ],
                "sid": ""
              }
            ],
            "version": "2012-10-17"
          },
          "sensitive_attributes": [],
          "identity_schema_version": 0
        }
      ]
    },
    {
      "mode": "data",
      "type": "aws_iam_policy_document",
      "name": "lambda_card_purchase_execution",
      "provider": "provider[\"registry.terraform.io/hashicorp/aws\"]",
      "instances": [
        {
          "schema_version": 0,
          "attributes": {
            "id": "2085907441",
            "json": "{\n  \"Version\": \"2012-10-17\",\n  \"Statement\": [\n    {\n      \"Effect\": \"Allow\",\n      \"Action\": [\n        \"dynamodb:UpdateItem\",\n        \"dynamodb:GetItem\"\n      ],\n      \"Resource\": \"arn:aws:dynamodb:us-west-1:149078755102:table/card-table\"\n    },\n    {\n      \"Effect\": \"Allow\",\n      \"Action\": [\n        \"dynamodb:UpdateItem\",\n        \"dynamodb:PutItem\",\n        \"dynamodb:GetItem\"\n      ],\n      \"Resource\": \"arn:aws:dynamodb:us-west-1:149078755102:table/transaction-table\"\n    },\n    {\n      \"Effect\": \"Allow\",\n      \"Action\": [\n        \"sqs:SendMessage\",\n        \"sqs:ReceiveMessage\",\n        \"sqs:GetQueueUrl\",\n        \"sqs:GetQueueAttributes\",\n        \"sqs:DeleteMessage\"\n      ],\n      \"Resource\": \"arn:aws:sqs:us-west-1:149078755102:notification-email-sqs\"\n    },\n    {\n      \"Effect\": \"Allow\",\n      \"Action\": [\n        \"logs:PutLogEvents\",\n        \"logs:CreateLogStream\",\n        \"logs:CreateLogGroup\"\n      ],\n      \"Resource\": \"arn:aws:logs:*:*:*\"\n    }\n  ]\n}",
            "minified_json": "{\"Version\":\"2012-10-17\",\"Statement\":[{\"Effect\":\"Allow\",\"Action\":[\"dynamodb:UpdateItem\",\"dynamodb:GetItem\"],\"Resource\":\"arn:aws:dynamodb:us-west-1:149078755102:table/card-table\"},{\"Effect\":\"Allow\",\"Action\":[\"dynamodb:UpdateItem\",\"dynamodb:PutItem\",\"dynamodb:GetItem\"],\"Resource\":\"arn:aws:dynamodb:us-west-1:149078755102:table/transaction-table\"},{\"Effect\":\"Allow\",\"Action\":[\"sqs:SendMessage\",\"sqs:ReceiveMessage\",\"sqs:GetQueueUrl\",\"sqs:GetQueueAttributes\",\"sqs:DeleteMessage\"],\"Resource\":\"arn:aws:sqs:us-west-1:149078755102:notification-email-sqs\"},{\"Effect\":\"Allow\",\"Action\":[\"logs:PutLogEvents\",\"logs:CreateLogStream\",\"logs:CreateLogGroup\"],\"Resource\":\"arn:aws:logs:*:*:*\"}]}",
            "override_json": null,
            "override_policy_documents": null,
            "policy_id": null,
            "source_json": null,
            "source_policy_documents": null,
            "statement": [
              {
                "actions": [
                  "dynamodb:GetItem",
                  "dynamodb:UpdateItem"
                ],
                "condition": [],
                "effect": "Allow",
                "not_actions": [],
                "not_principals": [],
                "not_resources": [],
                "principals": [],
                "resources": [
                  "arn:aws:dynamodb:us-west-1:149078755102:table/card-table"
                ],
                "sid": ""
              },
              {
                "actions": [
                  "dynamodb:GetItem",
                  "dynamodb:PutItem",
                  "dynamodb:UpdateItem"
                ],
                "condition": [],
                "effect": "Allow",
                "not_actions": [],
                "not_principals": [],
                "not_resources": [],
                "principals": [],
                "resources": [
                  "arn:aws:dynamodb:us-west-1:149078755102:table/transaction-table"
                ],
                "sid": ""
              },
              {
                "actions": [
                  "sqs:DeleteMessage",
                  "sqs:GetQueueAttributes",
                  "sqs:GetQueueUrl",
                  "sqs:ReceiveMessage",
                  "sqs:SendMessage"
                ],
                "condition": [],
                "effect": "Allow",
                "not_actions": [],
                "not_principals": [],
                "not_resources": [],
                "principals": [],
                "resources": [
                  "arn:aws:sqs:us-west-1:149078755102:notification-email-sqs"
                ],
                "sid": ""
              },
              {
                "actions": [
                  "logs:CreateLogGroup",
                  "logs:CreateLogStream",
                  "logs:PutLogEvents"
                ],
                "condition": [],
                "effect": "Allow",
                "not_actions": [],
                "not_principals": [],
                "not_resources": [],
                "principals": [],
                "resources": [
                  "arn:aws:logs:*:*:*"
                ],
                "sid": ""
              }
            ],
            "version": "2012-10-17"
          },
          "sensitive_attributes": [],
          "identity_schema_version": 0
        }
      ]
    },
    {
      "mode": "data",
      "type": "aws_iam_policy_document",
      "name": "lambda_card_request_failed_execution",
      "provider": "provider[\"registry.terraform.io/hashicorp/aws\"]",
      "instances": [
        {
          "schema_version": 0,
          "attributes": {
            "id": "3486932358",
            "json": "{\n  \"Version\": \"2012-10-17\",\n  \"Statement\": [\n    {\n      \"Effect\": \"Allow\",\n      \"Action\": [\n        \"sqs:SendMessage\",\n        \"sqs:ReceiveMessage\",\n        \"sqs:GetQueueUrl\",\n        \"sqs:GetQueueAttributes\",\n        \"sqs:DeleteMessage\"\n      ],\n      \"Resource\": \"arn:aws:sqs:us-west-1:149078755102:create-request-card-sqs-dlq\"\n    },\n    {\n      \"Effect\": \"Allow\",\n      \"Action\": [\n        \"dynamodb:UpdateItem\",\n        \"dynamodb:PutItem\",\n        \"dynamodb:GetItem\"\n      ],\n      \"Resource\": \"arn:aws:dynamodb:us-west-1:149078755102:table/card-table-error\"\n    }\n  ]\n}",
            "minified_json": "{\"Version\":\"2012-10-17\",\"Statement\":[{\"Effect\":\"Allow\",\"Action\":[\"sqs:SendMessage\",\"sqs:ReceiveMessage\",\"sqs:GetQueueUrl\",\"sqs:GetQueueAttributes\",\"sqs:DeleteMessage\"],\"Resource\":\"arn:aws:sqs:us-west-1:149078755102:create-request-card-sqs-dlq\"},{\"Effect\":\"Allow\",\"Action\":[\"dynamodb:UpdateItem\",\"dynamodb:PutItem\",\"dynamodb:GetItem\"],\"Resource\":\"arn:aws:dynamodb:us-west-1:149078755102:table/card-table-error\"}]}",
            "override_json": null,
            "override_policy_documents": null,
            "policy_id": null,
            "source_json": null,
            "source_policy_documents": null,
            "statement": [
              {
                "actions": [
                  "sqs:DeleteMessage",
                  "sqs:GetQueueAttributes",
                  "sqs:GetQueueUrl",
                  "sqs:ReceiveMessage",
                  "sqs:SendMessage"
                ],
                "condition": [],
                "effect": "Allow",
                "not_actions": [],
                "not_principals": [],
                "not_resources": [],
                "principals": [],
                "resources": [
                  "arn:aws:sqs:us-west-1:149078755102:create-request-card-sqs-dlq"
                ],
                "sid": ""
              },
              {
                "actions": [
                  "dynamodb:GetItem",
                  "dynamodb:PutItem",
                  "dynamodb:UpdateItem"
                ],
                "condition": [],
                "effect": "Allow",
                "not_actions": [],
                "not_principals": [],
                "not_resources": [],
                "principals": [],
                "resources": [
                  "arn:aws:dynamodb:us-west-1:149078755102:table/card-table-error"
                ],
                "sid": ""
              }
            ],
            "version": "2012-10-17"
          },
          "sensitive_attributes": [],
          "identity_schema_version": 0
        }
      ]
    },
    {
      "mode": "data",
      "type": "aws_iam_policy_document",
      "name": "lambda_card_transaction_save_execution",
      "provider": "provider[\"registry.terraform.io/hashicorp/aws\"]",
      "instances": [
        {
          "schema_version": 0,
          "attributes": {
            "id": "1857859703",
            "json": "{\n  \"Version\": \"2012-10-17\",\n  \"Statement\": [\n    {\n      \"Effect\": \"Allow\",\n      \"Action\": [\n        \"dynamodb:UpdateItem\",\n        \"dynamodb:GetItem\"\n      ],\n      \"Resource\": \"arn:aws:dynamodb:us-west-1:149078755102:table/card-table\"\n    },\n    {\n      \"Effect\": \"Allow\",\n      \"Action\": [\n        \"dynamodb:UpdateItem\",\n        \"dynamodb:PutItem\",\n        \"dynamodb:GetItem\"\n      ],\n      \"Resource\": \"arn:aws:dynamodb:us-west-1:149078755102:table/transaction-table\"\n    },\n    {\n      \"Effect\": \"Allow\",\n      \"Action\": [\n        \"sqs:SendMessage\",\n        \"sqs:ReceiveMessage\",\n        \"sqs:GetQueueUrl\",\n        \"sqs:GetQueueAttributes\",\n        \"sqs:DeleteMessage\"\n      ],\n      \"Resource\": \"arn:aws:sqs:us-west-1:149078755102:notification-email-sqs\"\n    }\n  ]\n}",
            "minified_json": "{\"Version\":\"2012-10-17\",\"Statement\":[{\"Effect\":\"Allow\",\"Action\":[\"dynamodb:UpdateItem\",\"dynamodb:GetItem\"],\"Resource\":\"arn:aws:dynamodb:us-west-1:149078755102:table/card-table\"},{\"Effect\":\"Allow\",\"Action\":[\"dynamodb:UpdateItem\",\"dynamodb:PutItem\",\"dynamodb:GetItem\"],\"Resource\":\"arn:aws:dynamodb:us-west-1:149078755102:table/transaction-table\"},{\"Effect\":\"Allow\",\"Action\":[\"sqs:SendMessage\",\"sqs:ReceiveMessage\",\"sqs:GetQueueUrl\",\"sqs:GetQueueAttributes\",\"sqs:DeleteMessage\"],\"Resource\":\"arn:aws:sqs:us-west-1:149078755102:notification-email-sqs\"}]}",
            "override_json": null,
            "override_policy_documents": null,
            "policy_id": null,
            "source_json": null,
            "source_policy_documents": null,
            "statement": [
              {
                "actions": [
                  "dynamodb:GetItem",
                  "dynamodb:UpdateItem"
                ],
                "condition": [],
                "effect": "Allow",
                "not_actions": [],
                "not_principals": [],
                "not_resources": [],
                "principals": [],
                "resources": [
                  "arn:aws:dynamodb:us-west-1:149078755102:table/card-table"
                ],
                "sid": ""
              },
              {
                "actions": [
                  "dynamodb:GetItem",
                  "dynamodb:PutItem",
                  "dynamodb:UpdateItem"
                ],
                "condition": [],
                "effect": "Allow",
                "not_actions": [],
                "not_principals": [],
                "not_resources": [],
                "principals": [],
                "resources": [
                  "arn:aws:dynamodb:us-west-1:149078755102:table/transaction-table"
                ],
                "sid": ""
              },
              {
                "actions": [
                  "sqs:DeleteMessage",
                  "sqs:GetQueueAttributes",
                  "sqs:GetQueueUrl",
                  "sqs:ReceiveMessage",
                  "sqs:SendMessage"
                ],
                "condition": [],
                "effect": "Allow",
                "not_actions": [],
                "not_principals": [],
                "not_resources": [],
                "principals": [],
                "resources": [
                  "arn:aws:sqs:us-west-1:149078755102:notification-email-sqs"
                ],
                "sid": ""
              }
            ],
            "version": "2012-10-17"
          },
          "sensitive_attributes": [],
          "identity_schema_version": 0
        }
      ]
    },
    {
      "mode": "data",
      "type": "aws_iam_policy_document",
      "name": "lambda_sqs_create_card_execution",
      "provider": "provider[\"registry.terraform.io/hashicorp/aws\"]",
      "instances": [
        {
          "schema_version": 0,
          "attributes": {
            "id": "603693693",
            "json": "{\n  \"Version\": \"2012-10-17\",\n  \"Statement\": [\n    {\n      \"Effect\": \"Allow\",\n      \"Action\": [\n        \"sqs:SendMessage\",\n        \"sqs:ReceiveMessage\",\n        \"sqs:GetQueueUrl\",\n        \"sqs:GetQueueAttributes\",\n        \"sqs:DeleteMessage\"\n      ],\n      \"Resource\": [\n        \"arn:aws:sqs:us-west-1:149078755102:notification-email-sqs\",\n        \"arn:aws:sqs:us-west-1:149078755102:create-request-card-sqs\"\n      ]\n    },\n    {\n      \"Effect\": \"Allow\",\n      \"Action\": [\n        \"dynamodb:UpdateItem\",\n        \"dynamodb:PutItem\",\n        \"dynamodb:GetItem\"\n      ],\n      \"Resource\": \"arn:aws:dynamodb:us-west-1:149078755102:table/card-table\"\n    }\n  ]\n}",
            "minified_json": "{\"Version\":\"2012-10-17\",\"Statement\":[{\"Effect\":\"Allow\",\"Action\":[\"sqs:SendMessage\",\"sqs:ReceiveMessage\",\"sqs:GetQueueUrl\",\"sqs:GetQueueAttributes\",\"sqs:DeleteMessage\"],\"Resource\":[\"arn:aws:sqs:us-west-1:149078755102:notification-email-sqs\",\"arn:aws:sqs:us-west-1:149078755102:create-request-card-sqs\"]},{\"Effect\":\"Allow\",\"Action\":[\"dynamodb:UpdateItem\",\"dynamodb:PutItem\",\"dynamodb:GetItem\"],\"Resource\":\"arn:aws:dynamodb:us-west-1:149078755102:table/card-table\"}]}",
            "override_json": null,
            "override_policy_documents": null,
            "policy_id": null,
            "source_json": null,
            "source_policy_documents": null,
            "statement": [
              {
                "actions": [
                  "sqs:DeleteMessage",
                  "sqs:GetQueueAttributes",
                  "sqs:GetQueueUrl",
                  "sqs:ReceiveMessage",
                  "sqs:SendMessage"
                ],
                "condition": [],
                "effect": "Allow",
                "not_actions": [],
                "not_principals": [],
                "not_resources": [],
                "principals": [],
                "resources": [
                  "arn:aws:sqs:us-west-1:149078755102:create-request-card-sqs",
                  "arn:aws:sqs:us-west-1:149078755102:notification-email-sqs"
                ],
                "sid": ""
              },
              {
                "actions": [
                  "dynamodb:GetItem",
                  "dynamodb:PutItem",
                  "dynamodb:UpdateItem"
                ],
                "condition": [],
                "effect": "Allow",
                "not_actions": [],
                "not_principals": [],
                "not_resources": [],
                "principals": [],
                "resources": [
                  "arn:aws:dynamodb:us-west-1:149078755102:table/card-table"
                ],
                "sid": ""
              }
            ],
            "version": "2012-10-17"
          },
          "sensitive_attributes": [],
          "identity_schema_version": 0
        }
      ]
    },
    {
      "mode": "data",
      "type": "aws_sqs_queue",
      "name": "notification-email-sqs",
      "provider": "provider[\"registry.terraform.io/hashicorp/aws\"]",
      "instances": [
        {
          "schema_version": 0,
          "attributes": {
            "arn": "arn:aws:sqs:us-west-1:149078755102:notification-email-sqs",
            "id": "https://sqs.us-west-1.amazonaws.com/149078755102/notification-email-sqs",
            "name": "notification-email-sqs",
            "tags": {
              "Environment": "dev",
              "Name": "notification-email-sqs",
              "Service": "notification"
            },
            "url": "https://sqs.us-west-1.amazonaws.com/149078755102/notification-email-sqs"
          },
          "sensitive_attributes": [],
          "identity_schema_version": 0
        }
      ]
    },
    {
      "mode": "managed",
      "type": "aws_api_gateway_deployment",
      "name": "inferno_bank_api_gateway_deployment",
      "provider": "provider[\"registry.terraform.io/hashicorp/aws\"]",
      "instances": [
        {
          "schema_version": 0,
          "attributes": {
            "canary_settings": [],
            "created_date": "2025-09-09T03:21:09Z",
            "description": "",
            "execution_arn": "arn:aws:execute-api:us-west-1:149078755102:m9ugzkc15h/",
            "id": "tka48b",
            "invoke_url": "https://m9ugzkc15h.execute-api.us-west-1.amazonaws.com/",
            "rest_api_id": "m9ugzkc15h",
            "stage_description": null,
            "stage_name": null,
            "triggers": {
              "redeployment": "4a425a678952bb1f012c7224a2c1f152d1bd513b"
            },
            "variables": null
          },
          "sensitive_attributes": [],
          "identity_schema_version": 0,
          "private": "bnVsbA==",
          "dependencies": [
            "aws_api_gateway_integration.card_paid_lambda",
            "aws_api_gateway_integration.purchase_lambda",
            "aws_api_gateway_integration.save_lambda",
            "aws_api_gateway_method.card_paid_post",
            "aws_api_gateway_method.purchase_post",
            "aws_api_gateway_method.save_post",
            "aws_api_gateway_resource.card",
            "aws_api_gateway_resource.card_paid",
            "aws_api_gateway_resource.card_paid_card_id",
            "aws_api_gateway_resource.purchase",
            "aws_api_gateway_resource.save",
            "aws_api_gateway_resource.save_card_id",
            "aws_api_gateway_resource.transactions",
            "aws_api_gateway_rest_api.inferno-bank-api-gateway",
            "aws_dynamodb_table.card-table",
            "aws_dynamodb_table.transaction-table",
            "aws_iam_role.iam_rol_lambda_card_paid_credit_card",
            "aws_iam_role.iam_rol_lambda_card_purchase",
            "aws_iam_role.iam_rol_lambda_card_transaction_save",
            "aws_iam_role_policy.iam_policy_card_paid_credit_card_lambda",
            "aws_iam_role_policy.iam_policy_lambda_card_purchase",
            "aws_iam_role_policy.iam_policy_lambda_card_transaction_save",
            "aws_lambda_function.card-paid-credit-card-lambda",
            "aws_lambda_function.card-purchase-lambda",
            "aws_lambda_function.card-transaction-save-lambda",
            "data.archive_file.lambda_card_paid_credit_card_file",
            "data.archive_file.lambda_card_purchase_file",
            "data.archive_file.lambda_card_transaction_save_file",
            "data.aws_iam_policy_document.assume_role_policy",
            "data.aws_iam_policy_document.lambda_card_paid_credit_card_execution",
            "data.aws_iam_policy_document.lambda_card_purchase_execution",
            "data.aws_iam_policy_document.lambda_card_transaction_save_execution",
            "data.aws_sqs_queue.notification-email-sqs"
          ],
          "create_before_destroy": true
        }
      ]
    },
    {
      "mode": "managed",
      "type": "aws_api_gateway_integration",
      "name": "card_paid_lambda",
      "provider": "provider[\"registry.terraform.io/hashicorp/aws\"]",
      "instances": [
        {
          "schema_version": 0,
          "attributes": {
            "cache_key_parameters": [],
            "cache_namespace": "o9ucv9",
            "connection_id": "",
            "connection_type": "INTERNET",
            "content_handling": "",
            "credentials": "",
            "http_method": "POST",
            "id": "agi-m9ugzkc15h-o9ucv9-POST",
            "integration_http_method": "POST",
            "passthrough_behavior": "WHEN_NO_MATCH",
            "request_parameters": {
              "integration.request.path.card_id": "method.request.path.card_id"
            },
            "request_templates": {},
            "resource_id": "o9ucv9",
            "rest_api_id": "m9ugzkc15h",
            "timeout_milliseconds": 29000,
            "tls_config": [],
            "type": "AWS_PROXY",
            "uri": "arn:aws:apigateway:us-west-1:lambda:path/2015-03-31/functions/arn:aws:lambda:us-west-1:149078755102:function:card-paid-credit-card-lambda/invocations"
          },
          "sensitive_attributes": [],
          "identity_schema_version": 0,
          "private": "bnVsbA==",
          "dependencies": [
            "aws_api_gateway_method.card_paid_post",
            "aws_api_gateway_resource.card",
            "aws_api_gateway_resource.card_paid",
            "aws_api_gateway_resource.card_paid_card_id",
            "aws_api_gateway_rest_api.inferno-bank-api-gateway",
            "aws_dynamodb_table.card-table",
            "aws_dynamodb_table.transaction-table",
            "aws_iam_role.iam_rol_lambda_card_paid_credit_card",
            "aws_iam_role_policy.iam_policy_card_paid_credit_card_lambda",
            "aws_lambda_function.card-paid-credit-card-lambda",
            "data.archive_file.lambda_card_paid_credit_card_file",
            "data.aws_iam_policy_document.assume_role_policy",
            "data.aws_iam_policy_document.lambda_card_paid_credit_card_execution",
            "data.aws_sqs_queue.notification-email-sqs"
          ],
          "create_before_destroy": true
        }
      ]
    },
    {
      "mode": "managed",
      "type": "aws_api_gateway_integration",
      "name": "purchase_lambda",
      "provider": "provider[\"registry.terraform.io/hashicorp/aws\"]",
      "instances": [
        {
          "schema_version": 0,
          "attributes": {
            "cache_key_parameters": [],
            "cache_namespace": "hsfald",
            "connection_id": "",
            "connection_type": "INTERNET",
            "content_handling": "",
            "credentials": "",
            "http_method": "POST",
            "id": "agi-m9ugzkc15h-hsfald-POST",
            "integration_http_method": "POST",
            "passthrough_behavior": "WHEN_NO_MATCH",
            "request_parameters": {},
            "request_templates": {},
            "resource_id": "hsfald",
            "rest_api_id": "m9ugzkc15h",
            "timeout_milliseconds": 29000,
            "tls_config": [],
            "type": "AWS_PROXY",
            "uri": "arn:aws:apigateway:us-west-1:lambda:path/2015-03-31/functions/arn:aws:lambda:us-west-1:149078755102:function:card-purchase-lambda/invocations"
          },
          "sensitive_attributes": [],
          "identity_schema_version": 0,
          "private": "bnVsbA==",
          "dependencies": [
            "aws_api_gateway_method.purchase_post",
            "aws_api_gateway_resource.purchase",
            "aws_api_gateway_resource.transactions",
            "aws_api_gateway_rest_api.inferno-bank-api-gateway",
            "aws_dynamodb_table.card-table",
            "aws_dynamodb_table.transaction-table",
            "aws_iam_role.iam_rol_lambda_card_purchase",
            "aws_iam_role_policy.iam_policy_lambda_card_purchase",
            "aws_lambda_function.card-purchase-lambda",
            "data.archive_file.lambda_card_purchase_file",
            "data.aws_iam_policy_document.assume_role_policy",
            "data.aws_iam_policy_document.lambda_card_purchase_execution",
            "data.aws_sqs_queue.notification-email-sqs"
          ],
          "create_before_destroy": true
        }
      ]
    },
    {
      "mode": "managed",
      "type": "aws_api_gateway_integration",
      "name": "save_lambda",
      "provider": "provider[\"registry.terraform.io/hashicorp/aws\"]",
      "instances": [
        {
          "schema_version": 0,
          "attributes": {
            "cache_key_parameters": [],
            "cache_namespace": "9ynd9o",
            "connection_id": "",
            "connection_type": "INTERNET",
            "content_handling": "",
            "credentials": "",
            "http_method": "POST",
            "id": "agi-m9ugzkc15h-9ynd9o-POST",
            "integration_http_method": "POST",
            "passthrough_behavior": "WHEN_NO_MATCH",
            "request_parameters": {
              "integration.request.path.card_id": "method.request.path.card_id"
            },
            "request_templates": {},
            "resource_id": "9ynd9o",
            "rest_api_id": "m9ugzkc15h",
            "timeout_milliseconds": 29000,
            "tls_config": [],
            "type": "AWS_PROXY",
            "uri": "arn:aws:apigateway:us-west-1:lambda:path/2015-03-31/functions/arn:aws:lambda:us-west-1:149078755102:function:card-transaction-save-lambda/invocations"
          },
          "sensitive_attributes": [],
          "identity_schema_version": 0,
          "private": "bnVsbA==",
          "dependencies": [
            "aws_api_gateway_method.save_post",
            "aws_api_gateway_resource.save",
            "aws_api_gateway_resource.save_card_id",
            "aws_api_gateway_resource.transactions",
            "aws_api_gateway_rest_api.inferno-bank-api-gateway",
            "aws_dynamodb_table.card-table",
            "aws_dynamodb_table.transaction-table",
            "aws_iam_role.iam_rol_lambda_card_transaction_save",
            "aws_iam_role_policy.iam_policy_lambda_card_transaction_save",
            "aws_lambda_function.card-transaction-save-lambda",
            "data.archive_file.lambda_card_transaction_save_file",
            "data.aws_iam_policy_document.assume_role_policy",
            "data.aws_iam_policy_document.lambda_card_transaction_save_execution",
            "data.aws_sqs_queue.notification-email-sqs"
          ],
          "create_before_destroy": true
        }
      ]
    },
    {
      "mode": "managed",
      "type": "aws_api_gateway_method",
      "name": "card_paid_post",
      "provider": "provider[\"registry.terraform.io/hashicorp/aws\"]",
      "instances": [
        {
          "schema_version": 0,
          "attributes": {
            "api_key_required": false,
            "authorization": "NONE",
            "authorization_scopes": [],
            "authorizer_id": "",
            "http_method": "POST",
            "id": "agm-m9ugzkc15h-o9ucv9-POST",
            "operation_name": "",
            "request_models": {},
            "request_parameters": {
              "method.request.path.card_id": true
            },
            "request_validator_id": "",
            "resource_id": "o9ucv9",
            "rest_api_id": "m9ugzkc15h"
          },
          "sensitive_attributes": [],
          "identity_schema_version": 0,
          "private": "bnVsbA==",
          "dependencies": [
            "aws_api_gateway_resource.card",
            "aws_api_gateway_resource.card_paid",
            "aws_api_gateway_resource.card_paid_card_id",
            "aws_api_gateway_rest_api.inferno-bank-api-gateway"
          ],
          "create_before_destroy": true
        }
      ]
    },
    {
      "mode": "managed",
      "type": "aws_api_gateway_method",
      "name": "purchase_post",
      "provider": "provider[\"registry.terraform.io/hashicorp/aws\"]",
      "instances": [
        {
          "schema_version": 0,
          "attributes": {
            "api_key_required": false,
            "authorization": "NONE",
            "authorization_scopes": [],
            "authorizer_id": "",
            "http_method": "POST",
            "id": "agm-m9ugzkc15h-hsfald-POST",
            "operation_name": "",
            "request_models": {},
            "request_parameters": {},
            "request_validator_id": "",
            "resource_id": "hsfald",
            "rest_api_id": "m9ugzkc15h"
          },
          "sensitive_attributes": [],
          "identity_schema_version": 0,
          "private": "bnVsbA==",
          "dependencies": [
            "aws_api_gateway_resource.purchase",
            "aws_api_gateway_resource.transactions",
            "aws_api_gateway_rest_api.inferno-bank-api-gateway"
          ],
          "create_before_destroy": true
        }
      ]
    },
    {
      "mode": "managed",
      "type": "aws_api_gateway_method",
      "name": "save_post",
      "provider": "provider[\"registry.terraform.io/hashicorp/aws\"]",
      "instances": [
        {
          "schema_version": 0,
          "attributes": {
            "api_key_required": false,
            "authorization": "NONE",
            "authorization_scopes": [],
            "authorizer_id": "",
            "http_method": "POST",
            "id": "agm-m9ugzkc15h-9ynd9o-POST",
            "operation_name": "",
            "request_models": {},
            "request_parameters": {
              "method.request.path.card_id": true
            },
            "request_validator_id": "",
            "resource_id": "9ynd9o",
            "rest_api_id": "m9ugzkc15h"
          },
          "sensitive_attributes": [],
          "identity_schema_version": 0,
          "private": "bnVsbA==",
          "dependencies": [
            "aws_api_gateway_resource.save",
            "aws_api_gateway_resource.save_card_id",
            "aws_api_gateway_resource.transactions",
            "aws_api_gateway_rest_api.inferno-bank-api-gateway"
          ],
          "create_before_destroy": true
        }
      ]
    },
    {
      "mode": "managed",
      "type": "aws_api_gateway_resource",
      "name": "card",
      "provider": "provider[\"registry.terraform.io/hashicorp/aws\"]",
      "instances": [
        {
          "schema_version": 0,
          "attributes": {
            "id": "m5zxwr",
            "parent_id": "gurrkunfkf",
            "path": "/card",
            "path_part": "card",
            "rest_api_id": "m9ugzkc15h"
          },
          "sensitive_attributes": [],
          "identity_schema_version": 0,
          "private": "bnVsbA==",
          "dependencies": [
            "aws_api_gateway_rest_api.inferno-bank-api-gateway"
          ],
          "create_before_destroy": true
        }
      ]
    },
    {
      "mode": "managed",
      "type": "aws_api_gateway_resource",
      "name": "card_paid",
      "provider": "provider[\"registry.terraform.io/hashicorp/aws\"]",
      "instances": [
        {
          "schema_version": 0,
          "attributes": {
            "id": "pgjytx",
            "parent_id": "m5zxwr",
            "path": "/card/paid",
            "path_part": "paid",
            "rest_api_id": "m9ugzkc15h"
          },
          "sensitive_attributes": [],
          "identity_schema_version": 0,
          "private": "bnVsbA==",
          "dependencies": [
            "aws_api_gateway_resource.card",
            "aws_api_gateway_rest_api.inferno-bank-api-gateway"
          ],
          "create_before_destroy": true
        }
      ]
    },
    {
      "mode": "managed",
      "type": "aws_api_gateway_resource",
      "name": "card_paid_card_id",
      "provider": "provider[\"registry.terraform.io/hashicorp/aws\"]",
      "instances": [
        {
          "schema_version": 0,
          "attributes": {
            "id": "o9ucv9",
            "parent_id": "pgjytx",
            "path": "/card/paid/{card_id}",
            "path_part": "{card_id}",
            "rest_api_id": "m9ugzkc15h"
          },
          "sensitive_attributes": [],
          "identity_schema_version": 0,
          "private": "bnVsbA==",
          "dependencies": [
            "aws_api_gateway_resource.card",
            "aws_api_gateway_resource.card_paid",
            "aws_api_gateway_rest_api.inferno-bank-api-gateway"
          ],
          "create_before_destroy": true
        }
      ]
    },
    {
      "mode": "managed",
      "type": "aws_api_gateway_resource",
      "name": "purchase",
      "provider": "provider[\"registry.terraform.io/hashicorp/aws\"]",
      "instances": [
        {
          "schema_version": 0,
          "attributes": {
            "id": "hsfald",
            "parent_id": "g2dkr8",
            "path": "/transactions/purchase",
            "path_part": "purchase",
            "rest_api_id": "m9ugzkc15h"
          },
          "sensitive_attributes": [],
          "identity_schema_version": 0,
          "private": "bnVsbA==",
          "dependencies": [
            "aws_api_gateway_resource.transactions",
            "aws_api_gateway_rest_api.inferno-bank-api-gateway"
          ],
          "create_before_destroy": true
        }
      ]
    },
    {
      "mode": "managed",
      "type": "aws_api_gateway_resource",
      "name": "save",
      "provider": "provider[\"registry.terraform.io/hashicorp/aws\"]",
      "instances": [
        {
          "schema_version": 0,
          "attributes": {
            "id": "a2734z",
            "parent_id": "g2dkr8",
            "path": "/transactions/save",
            "path_part": "save",
            "rest_api_id": "m9ugzkc15h"
          },
          "sensitive_attributes": [],
          "identity_schema_version": 0,
          "private": "bnVsbA==",
          "dependencies": [
            "aws_api_gateway_resource.transactions",
            "aws_api_gateway_rest_api.inferno-bank-api-gateway"
          ],
          "create_before_destroy": true
        }
      ]
    },
    {
      "mode": "managed",
      "type": "aws_api_gateway_resource",
      "name": "save_card_id",
      "provider": "provider[\"registry.terraform.io/hashicorp/aws\"]",
      "instances": [
        {
          "schema_version": 0,
          "attributes": {
            "id": "9ynd9o",
            "parent_id": "a2734z",
            "path": "/transactions/save/{card_id}",
            "path_part": "{card_id}",
            "rest_api_id": "m9ugzkc15h"
          },
          "sensitive_attributes": [],
          "identity_schema_version": 0,
          "private": "bnVsbA==",
          "dependencies": [
            "aws_api_gateway_resource.save",
            "aws_api_gateway_resource.transactions",
            "aws_api_gateway_rest_api.inferno-bank-api-gateway"
          ],
          "create_before_destroy": true
        }
      ]
    },
    {
      "mode": "managed",
      "type": "aws_api_gateway_resource",
      "name": "transactions",
      "provider": "provider[\"registry.terraform.io/hashicorp/aws\"]",
      "instances": [
        {
          "schema_version": 0,
          "attributes": {
            "id": "g2dkr8",
            "parent_id": "gurrkunfkf",
            "path": "/transactions",
            "path_part": "transactions",
            "rest_api_id": "m9ugzkc15h"
          },
          "sensitive_attributes": [],
          "identity_schema_version": 0,
          "private": "bnVsbA==",
          "dependencies": [
            "aws_api_gateway_rest_api.inferno-bank-api-gateway"
          ],
          "create_before_destroy": true
        }
      ]
    },
    {
      "mode": "managed",
      "type": "aws_api_gateway_rest_api",
      "name": "inferno-bank-api-gateway",
      "provider": "provider[\"registry.terraform.io/hashicorp/aws\"]",
      "instances": [
        {
          "schema_version": 0,
          "attributes": {
            "api_key_source": "HEADER",
            "arn": "arn:aws:apigateway:us-west-1::/restapis/m9ugzkc15h",
            "binary_media_types": [],
            "body": null,
            "created_date": "2025-09-09T02:16:06Z",
            "description": "API Gateway for Card Service",
            "disable_execute_api_endpoint": false,
            "endpoint_configuration": [
              {
                "ip_address_type": "ipv4",
                "types": [
                  "REGIONAL"
                ],
                "vpc_endpoint_ids": []
              }
            ],
            "execution_arn": "arn:aws:execute-api:us-west-1:149078755102:m9ugzkc15h",
            "fail_on_warnings": null,
            "id": "m9ugzkc15h",
            "minimum_compression_size": "",
            "name": "inferno-bank-api-gateway",
            "parameters": null,
            "policy": "",
            "put_rest_api_mode": null,
            "root_resource_id": "gurrkunfkf",
            "tags": {},
            "tags_all": {}
          },
          "sensitive_attributes": [],
          "identity_schema_version": 0,
          "private": "bnVsbA==",
          "create_before_destroy": true
        }
      ]
    },
    {
      "mode": "managed",
      "type": "aws_api_gateway_stage",
      "name": "dev",
      "provider": "provider[\"registry.terraform.io/hashicorp/aws\"]",
      "instances": [
        {
          "schema_version": 0,
          "attributes": {
            "access_log_settings": [],
            "arn": "arn:aws:apigateway:us-west-1::/restapis/m9ugzkc15h/stages/dev",
            "cache_cluster_enabled": false,
            "cache_cluster_size": "",
            "canary_settings": [],
            "client_certificate_id": "",
            "deployment_id": "tka48b",
            "description": "",
            "documentation_version": "",
            "execution_arn": "arn:aws:execute-api:us-west-1:149078755102:m9ugzkc15h/dev",
            "id": "ags-m9ugzkc15h-dev",
            "invoke_url": "https://m9ugzkc15h.execute-api.us-west-1.amazonaws.com/dev",
            "rest_api_id": "m9ugzkc15h",
            "stage_name": "dev",
            "tags": {
              "Environment": "development"
            },
            "tags_all": {
              "Environment": "development"
            },
            "variables": {},
            "web_acl_arn": "",
            "xray_tracing_enabled": false
          },
          "sensitive_attributes": [],
          "identity_schema_version": 0,
          "private": "bnVsbA==",
          "dependencies": [
            "aws_api_gateway_deployment.inferno_bank_api_gateway_deployment",
            "aws_api_gateway_integration.card_paid_lambda",
            "aws_api_gateway_integration.purchase_lambda",
            "aws_api_gateway_integration.save_lambda",
            "aws_api_gateway_method.card_paid_post",
            "aws_api_gateway_method.purchase_post",
            "aws_api_gateway_method.save_post",
            "aws_api_gateway_resource.card",
            "aws_api_gateway_resource.card_paid",
            "aws_api_gateway_resource.card_paid_card_id",
            "aws_api_gateway_resource.purchase",
            "aws_api_gateway_resource.save",
            "aws_api_gateway_resource.save_card_id",
            "aws_api_gateway_resource.transactions",
            "aws_api_gateway_rest_api.inferno-bank-api-gateway",
            "aws_dynamodb_table.card-table",
            "aws_dynamodb_table.transaction-table",
            "aws_iam_role.iam_rol_lambda_card_paid_credit_card",
            "aws_iam_role.iam_rol_lambda_card_purchase",
            "aws_iam_role.iam_rol_lambda_card_transaction_save",
            "aws_iam_role_policy.iam_policy_card_paid_credit_card_lambda",
            "aws_iam_role_policy.iam_policy_lambda_card_purchase",
            "aws_iam_role_policy.iam_policy_lambda_card_transaction_save",
            "aws_lambda_function.card-paid-credit-card-lambda",
            "aws_lambda_function.card-purchase-lambda",
            "aws_lambda_function.card-transaction-save-lambda",
            "data.archive_file.lambda_card_paid_credit_card_file",
            "data.archive_file.lambda_card_purchase_file",
            "data.archive_file.lambda_card_transaction_save_file",
            "data.aws_iam_policy_document.assume_role_policy",
            "data.aws_iam_policy_document.lambda_card_paid_credit_card_execution",
            "data.aws_iam_policy_document.lambda_card_purchase_execution",
            "data.aws_iam_policy_document.lambda_card_transaction_save_execution",
            "data.aws_sqs_queue.notification-email-sqs"
          ]
        }
      ]
    },
    {
      "mode": "managed",
      "type": "aws_dynamodb_table",
      "name": "card-table",
      "provider": "provider[\"registry.terraform.io/hashicorp/aws\"]",
      "instances": [
        {
          "schema_version": 1,
          "attributes": {
            "arn": "arn:aws:dynamodb:us-west-1:149078755102:table/card-table",
            "attribute": [
              {
                "name": "uuid",
                "type": "S"
              }
            ],
            "billing_mode": "PROVISIONED",
            "deletion_protection_enabled": false,
            "global_secondary_index": [],
            "hash_key": "uuid",
            "id": "card-table",
            "import_table": [],
            "local_secondary_index": [],
            "name": "card-table",
            "on_demand_throughput": [],
            "point_in_time_recovery": [
              {
                "enabled": false,
                "recovery_period_in_days": 0
              }
            ],
            "range_key": null,
            "read_capacity": 20,
            "replica": [],
            "restore_date_time": null,
            "restore_source_name": null,
            "restore_source_table_arn": null,
            "restore_to_latest_time": null,
            "server_side_encryption": [],
            "stream_arn": "",
            "stream_enabled": false,
            "stream_label": "",
            "stream_view_type": "",
            "table_class": "STANDARD",
            "tags": {},
            "tags_all": {},
            "timeouts": null,
            "ttl": [
              {
                "attribute_name": "",
                "enabled": false
              }
            ],
            "write_capacity": 20
          },
          "sensitive_attributes": [],
          "identity_schema_version": 0,
          "private": "eyJlMmJmYjczMC1lY2FhLTExZTYtOGY4OC0zNDM2M2JjN2M0YzAiOnsiY3JlYXRlIjoxODAwMDAwMDAwMDAwLCJkZWxldGUiOjYwMDAwMDAwMDAwMCwidXBkYXRlIjozNjAwMDAwMDAwMDAwfSwic2NoZW1hX3ZlcnNpb24iOiIxIn0=",
          "create_before_destroy": true
        }
      ]
    },
    {
      "mode": "managed",
      "type": "aws_dynamodb_table",
      "name": "card-table-error",
      "provider": "provider[\"registry.terraform.io/hashicorp/aws\"]",
      "instances": [
        {
          "schema_version": 1,
          "attributes": {
            "arn": "arn:aws:dynamodb:us-west-1:149078755102:table/card-table-error",
            "attribute": [
              {
                "name": "uuid",
                "type": "S"
              }
            ],
            "billing_mode": "PROVISIONED",
            "deletion_protection_enabled": false,
            "global_secondary_index": [],
            "hash_key": "uuid",
            "id": "card-table-error",
            "import_table": [],
            "local_secondary_index": [],
            "name": "card-table-error",
            "on_demand_throughput": [],
            "point_in_time_recovery": [
              {
                "enabled": false,
                "recovery_period_in_days": 0
              }
            ],
            "range_key": null,
            "read_capacity": 5,
            "replica": [],
            "restore_date_time": null,
            "restore_source_name": null,
            "restore_source_table_arn": null,
            "restore_to_latest_time": null,
            "server_side_encryption": [],
            "stream_arn": "",
            "stream_enabled": false,
            "stream_label": "",
            "stream_view_type": "",
            "table_class": "STANDARD",
            "tags": {},
            "tags_all": {},
            "timeouts": null,
            "ttl": [
              {
                "attribute_name": "",
                "enabled": false
              }
            ],
            "write_capacity": 5
          },
          "sensitive_attributes": [],
          "identity_schema_version": 0,
          "private": "eyJlMmJmYjczMC1lY2FhLTExZTYtOGY4OC0zNDM2M2JjN2M0YzAiOnsiY3JlYXRlIjoxODAwMDAwMDAwMDAwLCJkZWxldGUiOjYwMDAwMDAwMDAwMCwidXBkYXRlIjozNjAwMDAwMDAwMDAwfSwic2NoZW1hX3ZlcnNpb24iOiIxIn0="
        }
      ]
    },
    {
      "mode": "managed",
      "type": "aws_dynamodb_table",
      "name": "transaction-table",
      "provider": "provider[\"registry.terraform.io/hashicorp/aws\"]",
      "instances": [
        {
          "schema_version": 1,
          "attributes": {
            "arn": "arn:aws:dynamodb:us-west-1:149078755102:table/transaction-table",
            "attribute": [
              {
                "name": "uuid",
                "type": "S"
              }
            ],
            "billing_mode": "PROVISIONED",
            "deletion_protection_enabled": false,
            "global_secondary_index": [],
            "hash_key": "uuid",
            "id": "transaction-table",
            "import_table": [],
            "local_secondary_index": [],
            "name": "transaction-table",
            "on_demand_throughput": [],
            "point_in_time_recovery": [
              {
                "enabled": false,
                "recovery_period_in_days": 0
              }
            ],
            "range_key": null,
            "read_capacity": 20,
            "replica": [],
            "restore_date_time": null,
            "restore_source_name": null,
            "restore_source_table_arn": null,
            "restore_to_latest_time": null,
            "server_side_encryption": [],
            "stream_arn": "",
            "stream_enabled": false,
            "stream_label": "",
            "stream_view_type": "",
            "table_class": "STANDARD",
            "tags": {},
            "tags_all": {},
            "timeouts": null,
            "ttl": [
              {
                "attribute_name": "",
                "enabled": false
              }
            ],
            "write_capacity": 20
          },
          "sensitive_attributes": [],
          "identity_schema_version": 0,
          "private": "eyJlMmJmYjczMC1lY2FhLTExZTYtOGY4OC0zNDM2M2JjN2M0YzAiOnsiY3JlYXRlIjoxODAwMDAwMDAwMDAwLCJkZWxldGUiOjYwMDAwMDAwMDAwMCwidXBkYXRlIjozNjAwMDAwMDAwMDAwfSwic2NoZW1hX3ZlcnNpb24iOiIxIn0=",
          "create_before_destroy": true
        }
      ]
    },
    {
      "mode": "managed",
      "type": "aws_iam_role",
      "name": "iam_rol_lambda_card_paid_credit_card",
      "provider": "provider[\"registry.terraform.io/hashicorp/aws\"]",
      "instances": [
        {
          "schema_version": 0,
          "attributes": {
            "arn": "arn:aws:iam::149078755102:role/iam_rol_lambda_card_paid_credit_card",
            "assume_role_policy": "{\"Statement\":[{\"Action\":\"sts:AssumeRole\",\"Effect\":\"Allow\",\"Principal\":{\"Service\":\"lambda.amazonaws.com\"}}],\"Version\":\"2012-10-17\"}",
            "create_date": "2025-09-09T01:26:04Z",
            "description": "",
            "force_detach_policies": false,
            "id": "iam_rol_lambda_card_paid_credit_card",
            "inline_policy": [
              {
                "name": "iam_policy_card_paid_credit_card_lambda",
                "policy": "{\"Version\":\"2012-10-17\",\"Statement\":[{\"Action\":[\"dynamodb:UpdateItem\",\"dynamodb:GetItem\"],\"Effect\":\"Allow\",\"Resource\":\"arn:aws:dynamodb:us-west-1:149078755102:table/card-table\"},{\"Action\":[\"dynamodb:UpdateItem\",\"dynamodb:PutItem\",\"dynamodb:GetItem\"],\"Effect\":\"Allow\",\"Resource\":\"arn:aws:dynamodb:us-west-1:149078755102:table/transaction-table\"},{\"Action\":[\"sqs:SendMessage\",\"sqs:ReceiveMessage\",\"sqs:GetQueueUrl\",\"sqs:GetQueueAttributes\",\"sqs:DeleteMessage\"],\"Effect\":\"Allow\",\"Resource\":\"arn:aws:sqs:us-west-1:149078755102:inferno-bank-notification-email-sqs-dev\"},{\"Action\":[\"logs:PutLogEvents\",\"logs:CreateLogStream\",\"logs:CreateLogGroup\"],\"Effect\":\"Allow\",\"Resource\":\"arn:aws:logs:*:*:*\"}]}"
              }
            ],
            "managed_policy_arns": [
              "arn:aws:iam::aws:policy/service-role/AWSLambdaBasicExecutionRole"
            ],
            "max_session_duration": 3600,
            "name": "iam_rol_lambda_card_paid_credit_card",
            "name_prefix": "",
            "path": "/",
            "permissions_boundary": "",
            "tags": {},
            "tags_all": {},
            "unique_id": "AROASFNOJI4POB47DMVSN"
          },
          "sensitive_attributes": [],
          "identity_schema_version": 0,
          "private": "bnVsbA==",
          "dependencies": [
            "data.aws_iam_policy_document.assume_role_policy"
          ],
          "create_before_destroy": true
        }
      ]
    },
    {
      "mode": "managed",
      "type": "aws_iam_role",
      "name": "iam_rol_lambda_card_purchase",
      "provider": "provider[\"registry.terraform.io/hashicorp/aws\"]",
      "instances": [
        {
          "schema_version": 0,
          "attributes": {
            "arn": "arn:aws:iam::149078755102:role/iam_rol_lambda_card_purchase",
            "assume_role_policy": "{\"Statement\":[{\"Action\":\"sts:AssumeRole\",\"Effect\":\"Allow\",\"Principal\":{\"Service\":\"lambda.amazonaws.com\"}}],\"Version\":\"2012-10-17\"}",
            "create_date": "2025-09-08T16:45:53Z",
            "description": "",
            "force_detach_policies": false,
            "id": "iam_rol_lambda_card_purchase",
            "inline_policy": [
              {
                "name": "iam_policy_lambda_card_purchase",
                "policy": "{\"Version\":\"2012-10-17\",\"Statement\":[{\"Action\":[\"dynamodb:UpdateItem\",\"dynamodb:GetItem\"],\"Effect\":\"Allow\",\"Resource\":\"arn:aws:dynamodb:us-west-1:149078755102:table/card-table\"},{\"Action\":[\"dynamodb:UpdateItem\",\"dynamodb:PutItem\",\"dynamodb:GetItem\"],\"Effect\":\"Allow\",\"Resource\":\"arn:aws:dynamodb:us-west-1:149078755102:table/transaction-table\"},{\"Action\":[\"sqs:SendMessage\",\"sqs:ReceiveMessage\",\"sqs:GetQueueUrl\",\"sqs:GetQueueAttributes\",\"sqs:DeleteMessage\"],\"Effect\":\"Allow\",\"Resource\":\"arn:aws:sqs:us-west-1:149078755102:inferno-bank-notification-email-sqs-dev\"},{\"Action\":[\"logs:PutLogEvents\",\"logs:CreateLogStream\",\"logs:CreateLogGroup\"],\"Effect\":\"Allow\",\"Resource\":\"arn:aws:logs:*:*:*\"}]}"
              }
            ],
            "managed_policy_arns": [
              "arn:aws:iam::aws:policy/service-role/AWSLambdaBasicExecutionRole"
            ],
            "max_session_duration": 3600,
            "name": "iam_rol_lambda_card_purchase",
            "name_prefix": "",
            "path": "/",
            "permissions_boundary": "",
            "tags": {},
            "tags_all": {},
            "unique_id": "AROASFNOJI4PAPISL4ZDE"
          },
          "sensitive_attributes": [],
          "identity_schema_version": 0,
          "private": "bnVsbA==",
          "dependencies": [
            "data.aws_iam_policy_document.assume_role_policy"
          ],
          "create_before_destroy": true
        }
      ]
    },
    {
      "mode": "managed",
      "type": "aws_iam_role",
      "name": "iam_rol_lambda_card_transaction_save",
      "provider": "provider[\"registry.terraform.io/hashicorp/aws\"]",
      "instances": [
        {
          "schema_version": 0,
          "attributes": {
            "arn": "arn:aws:iam::149078755102:role/iam_rol_lambda_card_transaction_save",
            "assume_role_policy": "{\"Statement\":[{\"Action\":\"sts:AssumeRole\",\"Effect\":\"Allow\",\"Principal\":{\"Service\":\"lambda.amazonaws.com\"}}],\"Version\":\"2012-10-17\"}",
            "create_date": "2025-09-08T22:42:08Z",
            "description": "",
            "force_detach_policies": false,
            "id": "iam_rol_lambda_card_transaction_save",
            "inline_policy": [
              {
                "name": "iam_policy_lambda_card_transaction_save",
                "policy": "{\"Version\":\"2012-10-17\",\"Statement\":[{\"Action\":[\"dynamodb:UpdateItem\",\"dynamodb:GetItem\"],\"Effect\":\"Allow\",\"Resource\":\"arn:aws:dynamodb:us-west-1:149078755102:table/card-table\"},{\"Action\":[\"dynamodb:UpdateItem\",\"dynamodb:PutItem\",\"dynamodb:GetItem\"],\"Effect\":\"Allow\",\"Resource\":\"arn:aws:dynamodb:us-west-1:149078755102:table/transaction-table\"},{\"Action\":[\"sqs:SendMessage\",\"sqs:ReceiveMessage\",\"sqs:GetQueueUrl\",\"sqs:GetQueueAttributes\",\"sqs:DeleteMessage\"],\"Effect\":\"Allow\",\"Resource\":\"arn:aws:sqs:us-west-1:149078755102:inferno-bank-notification-email-sqs-dev\"}]}"
              }
            ],
            "managed_policy_arns": [
              "arn:aws:iam::aws:policy/service-role/AWSLambdaBasicExecutionRole"
            ],
            "max_session_duration": 3600,
            "name": "iam_rol_lambda_card_transaction_save",
            "name_prefix": "",
            "path": "/",
            "permissions_boundary": "",
            "tags": {},
            "tags_all": {},
            "unique_id": "AROASFNOJI4PDKPXH6ABS"
          },
          "sensitive_attributes": [],
          "identity_schema_version": 0,
          "private": "bnVsbA==",
          "dependencies": [
            "data.aws_iam_policy_document.assume_role_policy"
          ],
          "create_before_destroy": true
        }
      ]
    },
    {
      "mode": "managed",
      "type": "aws_iam_role",
      "name": "iam_rol_lambda_dql_request_card_failed",
      "provider": "provider[\"registry.terraform.io/hashicorp/aws\"]",
      "instances": [
        {
          "schema_version": 0,
          "attributes": {
            "arn": "arn:aws:iam::149078755102:role/iam_rol_lambda_dlq_request_card_failed",
            "assume_role_policy": "{\"Statement\":[{\"Action\":\"sts:AssumeRole\",\"Effect\":\"Allow\",\"Principal\":{\"Service\":\"lambda.amazonaws.com\"}}],\"Version\":\"2012-10-17\"}",
            "create_date": "2025-09-07T17:59:10Z",
            "description": "",
            "force_detach_policies": false,
            "id": "iam_rol_lambda_dlq_request_card_failed",
            "inline_policy": [
              {
                "name": "iam_policy_lambda_dlq_request_card_failed",
                "policy": "{\"Version\":\"2012-10-17\",\"Statement\":[{\"Action\":[\"sqs:SendMessage\",\"sqs:ReceiveMessage\",\"sqs:GetQueueUrl\",\"sqs:GetQueueAttributes\",\"sqs:DeleteMessage\"],\"Effect\":\"Allow\",\"Resource\":\"arn:aws:sqs:us-west-1:149078755102:create-request-card-sqs-dlq\"},{\"Action\":[\"dynamodb:UpdateItem\",\"dynamodb:PutItem\",\"dynamodb:GetItem\"],\"Effect\":\"Allow\",\"Resource\":\"arn:aws:dynamodb:us-west-1:149078755102:table/card-table-error\"}]}"
              }
            ],
            "managed_policy_arns": [
              "arn:aws:iam::aws:policy/service-role/AWSLambdaBasicExecutionRole"
            ],
            "max_session_duration": 3600,
            "name": "iam_rol_lambda_dlq_request_card_failed",
            "name_prefix": "",
            "path": "/",
            "permissions_boundary": "",
            "tags": {},
            "tags_all": {},
            "unique_id": "AROASFNOJI4PMVMZFQ57I"
          },
          "sensitive_attributes": [],
          "identity_schema_version": 0,
          "private": "bnVsbA==",
          "dependencies": [
            "data.aws_iam_policy_document.assume_role_policy"
          ]
        }
      ]
    },
    {
      "mode": "managed",
      "type": "aws_iam_role",
      "name": "iam_rol_lambda_sqs_create_card",
      "provider": "provider[\"registry.terraform.io/hashicorp/aws\"]",
      "instances": [
        {
          "schema_version": 0,
          "attributes": {
            "arn": "arn:aws:iam::149078755102:role/iam_rol_lambda_sqs_create_card",
            "assume_role_policy": "{\"Statement\":[{\"Action\":\"sts:AssumeRole\",\"Effect\":\"Allow\",\"Principal\":{\"Service\":\"lambda.amazonaws.com\"}}],\"Version\":\"2012-10-17\"}",
            "create_date": "2025-09-05T16:19:03Z",
            "description": "",
            "force_detach_policies": false,
            "id": "iam_rol_lambda_sqs_create_card",
            "inline_policy": [
              {
                "name": "iam_policy_lambda_sqs_create_card",
                "policy": "{\"Version\":\"2012-10-17\",\"Statement\":[{\"Action\":[\"sqs:SendMessage\",\"sqs:ReceiveMessage\",\"sqs:GetQueueUrl\",\"sqs:GetQueueAttributes\",\"sqs:DeleteMessage\"],\"Effect\":\"Allow\",\"Resource\":[\"arn:aws:sqs:us-west-1:149078755102:inferno-bank-notification-email-sqs-dev\",\"arn:aws:sqs:us-west-1:149078755102:create-request-card-sqs\"]},{\"Action\":[\"dynamodb:UpdateItem\",\"dynamodb:PutItem\",\"dynamodb:GetItem\"],\"Effect\":\"Allow\",\"Resource\":\"arn:aws:dynamodb:us-west-1:149078755102:table/card-table\"}]}"
              }
            ],
            "managed_policy_arns": [
              "arn:aws:iam::aws:policy/service-role/AWSLambdaBasicExecutionRole"
            ],
            "max_session_duration": 3600,
            "name": "iam_rol_lambda_sqs_create_card",
            "name_prefix": "",
            "path": "/",
            "permissions_boundary": "",
            "tags": {},
            "tags_all": {},
            "unique_id": "AROASFNOJI4PADTGACC5L"
          },
          "sensitive_attributes": [],
          "identity_schema_version": 0,
          "private": "bnVsbA==",
          "dependencies": [
            "data.aws_iam_policy_document.assume_role_policy"
          ]
        }
      ]
    },
    {
      "mode": "managed",
      "type": "aws_iam_role_policy",
      "name": "iam_policy_card_paid_credit_card_lambda",
      "provider": "provider[\"registry.terraform.io/hashicorp/aws\"]",
      "instances": [
        {
          "schema_version": 0,
          "attributes": {
            "id": "iam_rol_lambda_card_paid_credit_card:iam_policy_card_paid_credit_card_lambda",
            "name": "iam_policy_card_paid_credit_card_lambda",
            "name_prefix": "",
            "policy": "{\"Version\":\"2012-10-17\",\"Statement\":[{\"Action\":[\"dynamodb:UpdateItem\",\"dynamodb:GetItem\"],\"Effect\":\"Allow\",\"Resource\":\"arn:aws:dynamodb:us-west-1:149078755102:table/card-table\"},{\"Action\":[\"dynamodb:UpdateItem\",\"dynamodb:PutItem\",\"dynamodb:GetItem\"],\"Effect\":\"Allow\",\"Resource\":\"arn:aws:dynamodb:us-west-1:149078755102:table/transaction-table\"},{\"Action\":[\"sqs:SendMessage\",\"sqs:ReceiveMessage\",\"sqs:GetQueueUrl\",\"sqs:GetQueueAttributes\",\"sqs:DeleteMessage\"],\"Effect\":\"Allow\",\"Resource\":\"arn:aws:sqs:us-west-1:149078755102:notification-email-sqs\"},{\"Action\":[\"logs:PutLogEvents\",\"logs:CreateLogStream\",\"logs:CreateLogGroup\"],\"Effect\":\"Allow\",\"Resource\":\"arn:aws:logs:*:*:*\"}]}",
            "role": "iam_rol_lambda_card_paid_credit_card"
          },
          "sensitive_attributes": [],
          "identity_schema_version": 0,
          "private": "bnVsbA==",
          "dependencies": [
            "aws_dynamodb_table.card-table",
            "aws_dynamodb_table.transaction-table",
            "aws_iam_role.iam_rol_lambda_card_paid_credit_card",
            "data.aws_iam_policy_document.assume_role_policy",
            "data.aws_iam_policy_document.lambda_card_paid_credit_card_execution",
            "data.aws_sqs_queue.notification-email-sqs"
          ],
          "create_before_destroy": true
        }
      ]
    },
    {
      "mode": "managed",
      "type": "aws_iam_role_policy",
      "name": "iam_policy_lambda_card_purchase",
      "provider": "provider[\"registry.terraform.io/hashicorp/aws\"]",
      "instances": [
        {
          "schema_version": 0,
          "attributes": {
            "id": "iam_rol_lambda_card_purchase:iam_policy_lambda_card_purchase",
            "name": "iam_policy_lambda_card_purchase",
            "name_prefix": "",
            "policy": "{\"Version\":\"2012-10-17\",\"Statement\":[{\"Action\":[\"dynamodb:UpdateItem\",\"dynamodb:GetItem\"],\"Effect\":\"Allow\",\"Resource\":\"arn:aws:dynamodb:us-west-1:149078755102:table/card-table\"},{\"Action\":[\"dynamodb:UpdateItem\",\"dynamodb:PutItem\",\"dynamodb:GetItem\"],\"Effect\":\"Allow\",\"Resource\":\"arn:aws:dynamodb:us-west-1:149078755102:table/transaction-table\"},{\"Action\":[\"sqs:SendMessage\",\"sqs:ReceiveMessage\",\"sqs:GetQueueUrl\",\"sqs:GetQueueAttributes\",\"sqs:DeleteMessage\"],\"Effect\":\"Allow\",\"Resource\":\"arn:aws:sqs:us-west-1:149078755102:notification-email-sqs\"},{\"Action\":[\"logs:PutLogEvents\",\"logs:CreateLogStream\",\"logs:CreateLogGroup\"],\"Effect\":\"Allow\",\"Resource\":\"arn:aws:logs:*:*:*\"}]}",
            "role": "iam_rol_lambda_card_purchase"
          },
          "sensitive_attributes": [],
          "identity_schema_version": 0,
          "private": "bnVsbA==",
          "dependencies": [
            "aws_dynamodb_table.card-table",
            "aws_dynamodb_table.transaction-table",
            "aws_iam_role.iam_rol_lambda_card_purchase",
            "data.aws_iam_policy_document.assume_role_policy",
            "data.aws_iam_policy_document.lambda_card_purchase_execution",
            "data.aws_sqs_queue.notification-email-sqs"
          ],
          "create_before_destroy": true
        }
      ]
    },
    {
      "mode": "managed",
      "type": "aws_iam_role_policy",
      "name": "iam_policy_lambda_card_transaction_save",
      "provider": "provider[\"registry.terraform.io/hashicorp/aws\"]",
      "instances": [
        {
          "schema_version": 0,
          "attributes": {
            "id": "iam_rol_lambda_card_transaction_save:iam_policy_lambda_card_transaction_save",
            "name": "iam_policy_lambda_card_transaction_save",
            "name_prefix": "",
            "policy": "{\"Version\":\"2012-10-17\",\"Statement\":[{\"Action\":[\"dynamodb:UpdateItem\",\"dynamodb:GetItem\"],\"Effect\":\"Allow\",\"Resource\":\"arn:aws:dynamodb:us-west-1:149078755102:table/card-table\"},{\"Action\":[\"dynamodb:UpdateItem\",\"dynamodb:PutItem\",\"dynamodb:GetItem\"],\"Effect\":\"Allow\",\"Resource\":\"arn:aws:dynamodb:us-west-1:149078755102:table/transaction-table\"},{\"Action\":[\"sqs:SendMessage\",\"sqs:ReceiveMessage\",\"sqs:GetQueueUrl\",\"sqs:GetQueueAttributes\",\"sqs:DeleteMessage\"],\"Effect\":\"Allow\",\"Resource\":\"arn:aws:sqs:us-west-1:149078755102:notification-email-sqs\"}]}",
            "role": "iam_rol_lambda_card_transaction_save"
          },
          "sensitive_attributes": [],
          "identity_schema_version": 0,
          "private": "bnVsbA==",
          "dependencies": [
            "aws_dynamodb_table.card-table",
            "aws_dynamodb_table.transaction-table",
            "aws_iam_role.iam_rol_lambda_card_transaction_save",
            "data.aws_iam_policy_document.assume_role_policy",
            "data.aws_iam_policy_document.lambda_card_transaction_save_execution",
            "data.aws_sqs_queue.notification-email-sqs"
          ],
          "create_before_destroy": true
        }
      ]
    },
    {
      "mode": "managed",
      "type": "aws_iam_role_policy",
      "name": "iam_policy_lambda_dql_request_card_failed",
      "provider": "provider[\"registry.terraform.io/hashicorp/aws\"]",
      "instances": [
        {
          "schema_version": 0,
          "attributes": {
            "id": "iam_rol_lambda_dlq_request_card_failed:iam_policy_lambda_dlq_request_card_failed",
            "name": "iam_policy_lambda_dlq_request_card_failed",
            "name_prefix": "",
            "policy": "{\"Version\":\"2012-10-17\",\"Statement\":[{\"Action\":[\"sqs:SendMessage\",\"sqs:ReceiveMessage\",\"sqs:GetQueueUrl\",\"sqs:GetQueueAttributes\",\"sqs:DeleteMessage\"],\"Effect\":\"Allow\",\"Resource\":\"arn:aws:sqs:us-west-1:149078755102:create-request-card-sqs-dlq\"},{\"Action\":[\"dynamodb:UpdateItem\",\"dynamodb:PutItem\",\"dynamodb:GetItem\"],\"Effect\":\"Allow\",\"Resource\":\"arn:aws:dynamodb:us-west-1:149078755102:table/card-table-error\"}]}",
            "role": "iam_rol_lambda_dlq_request_card_failed"
          },
          "sensitive_attributes": [],
          "identity_schema_version": 0,
          "private": "bnVsbA==",
          "dependencies": [
            "aws_dynamodb_table.card-table-error",
            "aws_iam_role.iam_rol_lambda_dql_request_card_failed",
            "aws_sqs_queue.create-request-card-dlq",
            "data.aws_iam_policy_document.assume_role_policy",
            "data.aws_iam_policy_document.lambda_card_request_failed_execution"
          ]
        }
      ]
    },
    {
      "mode": "managed",
      "type": "aws_iam_role_policy",
      "name": "iam_policy_lambda_sqs_create_card",
      "provider": "provider[\"registry.terraform.io/hashicorp/aws\"]",
      "instances": [
        {
          "schema_version": 0,
          "attributes": {
            "id": "iam_rol_lambda_sqs_create_card:iam_policy_lambda_sqs_create_card",
            "name": "iam_policy_lambda_sqs_create_card",
            "name_prefix": "",
            "policy": "{\"Version\":\"2012-10-17\",\"Statement\":[{\"Action\":[\"sqs:SendMessage\",\"sqs:ReceiveMessage\",\"sqs:GetQueueUrl\",\"sqs:GetQueueAttributes\",\"sqs:DeleteMessage\"],\"Effect\":\"Allow\",\"Resource\":[\"arn:aws:sqs:us-west-1:149078755102:notification-email-sqs\",\"arn:aws:sqs:us-west-1:149078755102:create-request-card-sqs\"]},{\"Action\":[\"dynamodb:UpdateItem\",\"dynamodb:PutItem\",\"dynamodb:GetItem\"],\"Effect\":\"Allow\",\"Resource\":\"arn:aws:dynamodb:us-west-1:149078755102:table/card-table\"}]}",
            "role": "iam_rol_lambda_sqs_create_card"
          },
          "sensitive_attributes": [],
          "identity_schema_version": 0,
          "private": "bnVsbA==",
          "dependencies": [
            "aws_dynamodb_table.card-table",
            "aws_iam_role.iam_rol_lambda_sqs_create_card",
            "aws_sqs_queue.create-request-card-dlq",
            "aws_sqs_queue.create-request-card-sqs",
            "data.aws_iam_policy_document.assume_role_policy",
            "data.aws_iam_policy_document.lambda_sqs_create_card_execution",
            "data.aws_sqs_queue.notification-email-sqs"
          ]
        }
      ]
    },
    {
      "mode": "managed",
      "type": "aws_iam_role_policy_attachment",
      "name": "iam_policy_attachement_lambda_dlq_request_card_failed",
      "provider": "provider[\"registry.terraform.io/hashicorp/aws\"]",
      "instances": [
        {
          "schema_version": 0,
          "attributes": {
            "id": "iam_rol_lambda_dlq_request_card_failed-20250907175911639000000001",
            "policy_arn": "arn:aws:iam::aws:policy/service-role/AWSLambdaBasicExecutionRole",
            "role": "iam_rol_lambda_dlq_request_card_failed"
          },
          "sensitive_attributes": [],
          "identity_schema_version": 0,
          "private": "bnVsbA==",
          "dependencies": [
            "aws_iam_role.iam_rol_lambda_dql_request_card_failed",
            "data.aws_iam_policy_document.assume_role_policy"
          ]
        }
      ]
    },
    {
      "mode": "managed",
      "type": "aws_iam_role_policy_attachment",
      "name": "iam_policy_attachment_lambda_card_purchase",
      "provider": "provider[\"registry.terraform.io/hashicorp/aws\"]",
      "instances": [
        {
          "schema_version": 0,
          "attributes": {
            "id": "iam_rol_lambda_card_purchase-20250908164553493100000001",
            "policy_arn": "arn:aws:iam::aws:policy/service-role/AWSLambdaBasicExecutionRole",
            "role": "iam_rol_lambda_card_purchase"
          },
          "sensitive_attributes": [],
          "identity_schema_version": 0,
          "private": "bnVsbA==",
          "dependencies": [
            "aws_iam_role.iam_rol_lambda_card_purchase",
            "data.aws_iam_policy_document.assume_role_policy"
          ]
        }
      ]
    },
    {
      "mode": "managed",
      "type": "aws_iam_role_policy_attachment",
      "name": "iam_policy_attachment_lambda_card_transaction_save",
      "provider": "provider[\"registry.terraform.io/hashicorp/aws\"]",
      "instances": [
        {
          "schema_version": 0,
          "attributes": {
            "id": "iam_rol_lambda_card_transaction_save-20250908224209535200000001",
            "policy_arn": "arn:aws:iam::aws:policy/service-role/AWSLambdaBasicExecutionRole",
            "role": "iam_rol_lambda_card_transaction_save"
          },
          "sensitive_attributes": [],
          "identity_schema_version": 0,
          "private": "bnVsbA==",
          "dependencies": [
            "aws_iam_role.iam_rol_lambda_card_transaction_save",
            "data.aws_iam_policy_document.assume_role_policy"
          ]
        }
      ]
    },
    {
      "mode": "managed",
      "type": "aws_iam_role_policy_attachment",
      "name": "iam_policy_attachment_lambda_sqs_create_card",
      "provider": "provider[\"registry.terraform.io/hashicorp/aws\"]",
      "instances": [
        {
          "schema_version": 0,
          "attributes": {
            "id": "iam_rol_lambda_sqs_create_card-20250905161902810600000001",
            "policy_arn": "arn:aws:iam::aws:policy/service-role/AWSLambdaBasicExecutionRole",
            "role": "iam_rol_lambda_sqs_create_card"
          },
          "sensitive_attributes": [],
          "identity_schema_version": 0,
          "private": "bnVsbA==",
          "dependencies": [
            "aws_iam_role.iam_rol_lambda_sqs_create_card",
            "data.aws_iam_policy_document.assume_role_policy"
          ]
        }
      ]
    },
    {
      "mode": "managed",
      "type": "aws_iam_role_policy_attachment",
      "name": "iam_rol_lambda_card_paid_credit_card",
      "provider": "provider[\"registry.terraform.io/hashicorp/aws\"]",
      "instances": [
        {
          "schema_version": 0,
          "attributes": {
            "id": "iam_rol_lambda_card_paid_credit_card-20250909012607096700000001",
            "policy_arn": "arn:aws:iam::aws:policy/service-role/AWSLambdaBasicExecutionRole",
            "role": "iam_rol_lambda_card_paid_credit_card"
          },
          "sensitive_attributes": [],
          "identity_schema_version": 0,
          "private": "bnVsbA==",
          "dependencies": [
            "aws_iam_role.iam_rol_lambda_card_paid_credit_card",
            "data.aws_iam_policy_document.assume_role_policy"
          ]
        }
      ]
    },
    {
      "mode": "managed",
      "type": "aws_lambda_event_source_mapping",
      "name": "sqs_create_card_event_source",
      "provider": "provider[\"registry.terraform.io/hashicorp/aws\"]",
      "instances": [
        {
          "schema_version": 0,
          "attributes": {
            "amazon_managed_kafka_event_source_config": [],
            "arn": "arn:aws:lambda:us-west-1:149078755102:event-source-mapping:31e9c5ca-6377-4cdc-8bd2-bdcea2a03fa3",
            "batch_size": 10,
            "bisect_batch_on_function_error": false,
            "destination_config": [],
            "document_db_event_source_config": [],
            "enabled": true,
            "event_source_arn": "arn:aws:sqs:us-west-1:149078755102:create-request-card-sqs",
            "filter_criteria": [],
            "function_arn": "arn:aws:lambda:us-west-1:149078755102:function:create-request-card-lambda",
            "function_name": "arn:aws:lambda:us-west-1:149078755102:function:create-request-card-lambda",
            "function_response_types": [
              "ReportBatchItemFailures"
            ],
            "id": "31e9c5ca-6377-4cdc-8bd2-bdcea2a03fa3",
            "kms_key_arn": "",
            "last_modified": "2025-09-07T16:39:55Z",
            "last_processing_result": "",
            "maximum_batching_window_in_seconds": 0,
            "maximum_record_age_in_seconds": 0,
            "maximum_retry_attempts": 0,
            "metrics_config": [],
            "parallelization_factor": 0,
            "provisioned_poller_config": [],
            "queues": [],
            "scaling_config": [
              {
                "maximum_concurrency": 5
              }
            ],
            "self_managed_event_source": [],
            "self_managed_kafka_event_source_config": [],
            "source_access_configuration": [],
            "starting_position": "",
            "starting_position_timestamp": "",
            "state": "Enabled",
            "state_transition_reason": "USER_INITIATED",
            "tags": {},
            "tags_all": {},
            "topics": [],
            "tumbling_window_in_seconds": 0,
            "uuid": "31e9c5ca-6377-4cdc-8bd2-bdcea2a03fa3"
          },
          "sensitive_attributes": [],
          "identity_schema_version": 0,
          "private": "bnVsbA==",
          "dependencies": [
            "aws_dynamodb_table.card-table",
            "aws_iam_role.iam_rol_lambda_sqs_create_card",
            "aws_iam_role_policy.iam_policy_lambda_sqs_create_card",
            "aws_lambda_function.create-request-card-lambda",
            "aws_sqs_queue.create-request-card-dlq",
            "aws_sqs_queue.create-request-card-sqs",
            "data.archive_file.lambda_sqs_create_card_file",
            "data.aws_iam_policy_document.assume_role_policy",
            "data.aws_iam_policy_document.lambda_sqs_create_card_execution",
            "data.aws_sqs_queue.notification-email-sqs"
          ]
        }
      ]
    },
    {
      "mode": "managed",
      "type": "aws_lambda_event_source_mapping",
      "name": "sqs_dlq_request_card_failed_event_source",
      "provider": "provider[\"registry.terraform.io/hashicorp/aws\"]",
      "instances": [
        {
          "schema_version": 0,
          "attributes": {
            "amazon_managed_kafka_event_source_config": [],
            "arn": "arn:aws:lambda:us-west-1:149078755102:event-source-mapping:81b1a480-36d0-4974-aad1-5d9cde2582aa",
            "batch_size": 10,
            "bisect_batch_on_function_error": false,
            "destination_config": [],
            "document_db_event_source_config": [],
            "enabled": true,
            "event_source_arn": "arn:aws:sqs:us-west-1:149078755102:create-request-card-sqs-dlq",
            "filter_criteria": [],
            "function_arn": "arn:aws:lambda:us-west-1:149078755102:function:card-request-failed",
            "function_name": "arn:aws:lambda:us-west-1:149078755102:function:card-request-failed",
            "function_response_types": [
              "ReportBatchItemFailures"
            ],
            "id": "81b1a480-36d0-4974-aad1-5d9cde2582aa",
            "kms_key_arn": "",
            "last_modified": "2025-09-07T18:05:14Z",
            "last_processing_result": "",
            "maximum_batching_window_in_seconds": 0,
            "maximum_record_age_in_seconds": 0,
            "maximum_retry_attempts": 0,
            "metrics_config": [],
            "parallelization_factor": 0,
            "provisioned_poller_config": [],
            "queues": [],
            "scaling_config": [
              {
                "maximum_concurrency": 5
              }
            ],
            "self_managed_event_source": [],
            "self_managed_kafka_event_source_config": [],
            "source_access_configuration": [],
            "starting_position": "",
            "starting_position_timestamp": "",
            "state": "Enabled",
            "state_transition_reason": "USER_INITIATED",
            "tags": {},
            "tags_all": {},
            "topics": [],
            "tumbling_window_in_seconds": 0,
            "uuid": "81b1a480-36d0-4974-aad1-5d9cde2582aa"
          },
          "sensitive_attributes": [],
          "identity_schema_version": 0,
          "private": "bnVsbA==",
          "dependencies": [
            "aws_dynamodb_table.card-table-error",
            "aws_iam_role.iam_rol_lambda_dql_request_card_failed",
            "aws_iam_role_policy.iam_policy_lambda_dql_request_card_failed",
            "aws_lambda_function.card-request-failed",
            "aws_sqs_queue.create-request-card-dlq",
            "data.archive_file.lambda_card_request_failed_file",
            "data.aws_iam_policy_document.assume_role_policy",
            "data.aws_iam_policy_document.lambda_card_request_failed_execution"
          ]
        }
      ]
    },
    {
      "mode": "managed",
      "type": "aws_lambda_function",
      "name": "card-paid-credit-card-lambda",
      "provider": "provider[\"registry.terraform.io/hashicorp/aws\"]",
      "instances": [
        {
          "schema_version": 0,
          "attributes": {
            "architectures": [
              "x86_64"
            ],
            "arn": "arn:aws:lambda:us-west-1:149078755102:function:card-paid-credit-card-lambda",
            "code_sha256": "wqEdb3hRkZZeA7JNciHZci2xDRkeVQoZa/K8cs0Mj2I=",
            "code_signing_config_arn": "",
            "dead_letter_config": [],
            "description": "",
            "environment": [
              {
                "variables": {
                  "DYNAMODB_CARDS_TABLE": "card-table",
                  "DYNAMODB_TRANSACTION_TABLE": "transaction-table",
                  "NOTIFICATIONS_EMAIL_SQS_URL": "https://sqs.us-west-1.amazonaws.com/149078755102/notification-email-sqs"
                }
              }
            ],
            "ephemeral_storage": [
              {
                "size": 512
              }
            ],
            "file_system_config": [],
            "filename": "lambda_card-paid-credit-card-lambda.zip",
            "function_name": "card-paid-credit-card-lambda",
            "handler": "card-paid-credit-card-lambda.handler",
            "id": "card-paid-credit-card-lambda",
            "image_config": [],
            "image_uri": "",
            "invoke_arn": "arn:aws:apigateway:us-west-1:lambda:path/2015-03-31/functions/arn:aws:lambda:us-west-1:149078755102:function:card-paid-credit-card-lambda/invocations",
            "kms_key_arn": "",
            "last_modified": "2025-09-09T13:31:29.000+0000",
            "layers": [],
            "logging_config": [
              {
                "application_log_level": "",
                "log_format": "Text",
                "log_group": "/aws/lambda/card-paid-credit-card-lambda",
                "system_log_level": ""
              }
            ],
            "memory_size": 256,
            "package_type": "Zip",
            "publish": true,
            "qualified_arn": "arn:aws:lambda:us-west-1:149078755102:function:card-paid-credit-card-lambda:7",
            "qualified_invoke_arn": "arn:aws:apigateway:us-west-1:lambda:path/2015-03-31/functions/arn:aws:lambda:us-west-1:149078755102:function:card-paid-credit-card-lambda:7/invocations",
            "replace_security_groups_on_destroy": null,
            "replacement_security_group_ids": null,
            "reserved_concurrent_executions": -1,
            "role": "arn:aws:iam::149078755102:role/iam_rol_lambda_card_paid_credit_card",
            "runtime": "nodejs22.x",
            "s3_bucket": null,
            "s3_key": null,
            "s3_object_version": null,
            "signing_job_arn": "",
            "signing_profile_version_arn": "",
            "skip_destroy": false,
            "snap_start": [],
            "source_code_hash": "wqEdb3hRkZZeA7JNciHZci2xDRkeVQoZa/K8cs0Mj2I=",
            "source_code_size": 225806,
            "tags": {},
            "tags_all": {},
            "timeout": 900,
            "timeouts": null,
            "tracing_config": [
              {
                "mode": "PassThrough"
              }
            ],
            "version": "7",
            "vpc_config": []
          },
          "sensitive_attributes": [],
          "identity_schema_version": 0,
          "private": "eyJlMmJmYjczMC1lY2FhLTExZTYtOGY4OC0zNDM2M2JjN2M0YzAiOnsiY3JlYXRlIjo2MDAwMDAwMDAwMDAsImRlbGV0ZSI6NjAwMDAwMDAwMDAwLCJ1cGRhdGUiOjYwMDAwMDAwMDAwMH19",
          "dependencies": [
            "aws_dynamodb_table.card-table",
            "aws_dynamodb_table.transaction-table",
            "aws_iam_role.iam_rol_lambda_card_paid_credit_card",
            "aws_iam_role_policy.iam_policy_card_paid_credit_card_lambda",
            "data.archive_file.lambda_card_paid_credit_card_file",
            "data.aws_iam_policy_document.assume_role_policy",
            "data.aws_iam_policy_document.lambda_card_paid_credit_card_execution",
            "data.aws_sqs_queue.notification-email-sqs"
          ],
          "create_before_destroy": true
        }
      ]
    },
    {
      "mode": "managed",
      "type": "aws_lambda_function",
      "name": "card-purchase-lambda",
      "provider": "provider[\"registry.terraform.io/hashicorp/aws\"]",
      "instances": [
        {
          "schema_version": 0,
          "attributes": {
            "architectures": [
              "x86_64"
            ],
            "arn": "arn:aws:lambda:us-west-1:149078755102:function:card-purchase-lambda",
            "code_sha256": "yUwWw2kC4kDDc/wiPRpcDKv+yzshG5j7lR7bGZoR6MI=",
            "code_signing_config_arn": "",
            "dead_letter_config": [],
            "description": "",
            "environment": [
              {
                "variables": {
                  "DYNAMODB_CARDS_TABLE": "card-table",
                  "DYNAMODB_TRANSACTION_TABLE": "transaction-table",
                  "NOTIFICATIONS_EMAIL_SQS_URL": "https://sqs.us-west-1.amazonaws.com/149078755102/notification-email-sqs"
                }
              }
            ],
            "ephemeral_storage": [
              {
                "size": 512
              }
            ],
            "file_system_config": [],
            "filename": "lambda_card-purchase-lambda.zip",
            "function_name": "card-purchase-lambda",
            "handler": "card-purchase-lambda.handler",
            "id": "card-purchase-lambda",
            "image_config": [],
            "image_uri": "",
            "invoke_arn": "arn:aws:apigateway:us-west-1:lambda:path/2015-03-31/functions/arn:aws:lambda:us-west-1:149078755102:function:card-purchase-lambda/invocations",
            "kms_key_arn": "",
            "last_modified": "2025-09-09T13:31:29.000+0000",
            "layers": [],
            "logging_config": [
              {
                "application_log_level": "",
                "log_format": "Text",
                "log_group": "/aws/lambda/card-purchase-lambda",
                "system_log_level": ""
              }
            ],
            "memory_size": 256,
            "package_type": "Zip",
            "publish": true,
            "qualified_arn": "arn:aws:lambda:us-west-1:149078755102:function:card-purchase-lambda:12",
            "qualified_invoke_arn": "arn:aws:apigateway:us-west-1:lambda:path/2015-03-31/functions/arn:aws:lambda:us-west-1:149078755102:function:card-purchase-lambda:12/invocations",
            "replace_security_groups_on_destroy": null,
            "replacement_security_group_ids": null,
            "reserved_concurrent_executions": -1,
            "role": "arn:aws:iam::149078755102:role/iam_rol_lambda_card_purchase",
            "runtime": "nodejs22.x",
            "s3_bucket": null,
            "s3_key": null,
            "s3_object_version": null,
            "signing_job_arn": "",
            "signing_profile_version_arn": "",
            "skip_destroy": false,
            "snap_start": [],
            "source_code_hash": "yUwWw2kC4kDDc/wiPRpcDKv+yzshG5j7lR7bGZoR6MI=",
            "source_code_size": 225722,
            "tags": {},
            "tags_all": {},
            "timeout": 900,
            "timeouts": null,
            "tracing_config": [
              {
                "mode": "PassThrough"
              }
            ],
            "version": "12",
            "vpc_config": []
          },
          "sensitive_attributes": [],
          "identity_schema_version": 0,
          "private": "eyJlMmJmYjczMC1lY2FhLTExZTYtOGY4OC0zNDM2M2JjN2M0YzAiOnsiY3JlYXRlIjo2MDAwMDAwMDAwMDAsImRlbGV0ZSI6NjAwMDAwMDAwMDAwLCJ1cGRhdGUiOjYwMDAwMDAwMDAwMH19",
          "dependencies": [
            "aws_dynamodb_table.card-table",
            "aws_dynamodb_table.transaction-table",
            "aws_iam_role.iam_rol_lambda_card_purchase",
            "aws_iam_role_policy.iam_policy_lambda_card_purchase",
            "data.archive_file.lambda_card_purchase_file",
            "data.aws_iam_policy_document.assume_role_policy",
            "data.aws_iam_policy_document.lambda_card_purchase_execution",
            "data.aws_sqs_queue.notification-email-sqs"
          ],
          "create_before_destroy": true
        }
      ]
    },
    {
      "mode": "managed",
      "type": "aws_lambda_function",
      "name": "card-request-failed",
      "provider": "provider[\"registry.terraform.io/hashicorp/aws\"]",
      "instances": [
        {
          "schema_version": 0,
          "attributes": {
            "architectures": [
              "x86_64"
            ],
            "arn": "arn:aws:lambda:us-west-1:149078755102:function:card-request-failed",
            "code_sha256": "VztWs8ZVW2vzjg6bPO4tbo17AwmNIEzknTqW4cqs/Qw=",
            "code_signing_config_arn": "",
            "dead_letter_config": [],
            "description": "",
            "environment": [
              {
                "variables": {
                  "DYNAMODB_FAILED_REQUESTS_TABLE": "card-table-error"
                }
              }
            ],
            "ephemeral_storage": [
              {
                "size": 512
              }
            ],
            "file_system_config": [],
            "filename": "lambda_card-request-failed-lambda.zip",
            "function_name": "card-request-failed",
            "handler": "card-request-failed-lambda.handler",
            "id": "card-request-failed",
            "image_config": [],
            "image_uri": "",
            "invoke_arn": "arn:aws:apigateway:us-west-1:lambda:path/2015-03-31/functions/arn:aws:lambda:us-west-1:149078755102:function:card-request-failed/invocations",
            "kms_key_arn": "",
            "last_modified": "2025-09-09T01:04:33.000+0000",
            "layers": [],
            "logging_config": [
              {
                "application_log_level": "",
                "log_format": "Text",
                "log_group": "/aws/lambda/card-request-failed",
                "system_log_level": ""
              }
            ],
            "memory_size": 256,
            "package_type": "Zip",
            "publish": true,
            "qualified_arn": "arn:aws:lambda:us-west-1:149078755102:function:card-request-failed:6",
            "qualified_invoke_arn": "arn:aws:apigateway:us-west-1:lambda:path/2015-03-31/functions/arn:aws:lambda:us-west-1:149078755102:function:card-request-failed:6/invocations",
            "replace_security_groups_on_destroy": null,
            "replacement_security_group_ids": null,
            "reserved_concurrent_executions": -1,
            "role": "arn:aws:iam::149078755102:role/iam_rol_lambda_dlq_request_card_failed",
            "runtime": "nodejs22.x",
            "s3_bucket": null,
            "s3_key": null,
            "s3_object_version": null,
            "signing_job_arn": "",
            "signing_profile_version_arn": "",
            "skip_destroy": false,
            "snap_start": [],
            "source_code_hash": "VztWs8ZVW2vzjg6bPO4tbo17AwmNIEzknTqW4cqs/Qw=",
            "source_code_size": 2236258,
            "tags": {},
            "tags_all": {},
            "timeout": 900,
            "timeouts": null,
            "tracing_config": [
              {
                "mode": "PassThrough"
              }
            ],
            "version": "6",
            "vpc_config": []
          },
          "sensitive_attributes": [],
          "identity_schema_version": 0,
          "private": "eyJlMmJmYjczMC1lY2FhLTExZTYtOGY4OC0zNDM2M2JjN2M0YzAiOnsiY3JlYXRlIjo2MDAwMDAwMDAwMDAsImRlbGV0ZSI6NjAwMDAwMDAwMDAwLCJ1cGRhdGUiOjYwMDAwMDAwMDAwMH19",
          "dependencies": [
            "aws_dynamodb_table.card-table-error",
            "aws_iam_role.iam_rol_lambda_dql_request_card_failed",
            "aws_iam_role_policy.iam_policy_lambda_dql_request_card_failed",
            "aws_sqs_queue.create-request-card-dlq",
            "data.archive_file.lambda_card_request_failed_file",
            "data.aws_iam_policy_document.assume_role_policy",
            "data.aws_iam_policy_document.lambda_card_request_failed_execution"
          ]
        }
      ]
    },
    {
      "mode": "managed",
      "type": "aws_lambda_function",
      "name": "card-transaction-save-lambda",
      "provider": "provider[\"registry.terraform.io/hashicorp/aws\"]",
      "instances": [
        {
          "schema_version": 0,
          "attributes": {
            "architectures": [
              "x86_64"
            ],
            "arn": "arn:aws:lambda:us-west-1:149078755102:function:card-transaction-save-lambda",
            "code_sha256": "Lp40lPJ2QryiaE0eQWXiXns2nX1MKt83TNZZGlcXBX4=",
            "code_signing_config_arn": "",
            "dead_letter_config": [],
            "description": "",
            "environment": [
              {
                "variables": {
                  "DYNAMODB_CARDS_TABLE": "card-table",
                  "DYNAMODB_TRANSACTION_TABLE": "transaction-table",
                  "NOTIFICATIONS_EMAIL_SQS_URL": "https://sqs.us-west-1.amazonaws.com/149078755102/notification-email-sqs"
                }
              }
            ],
            "ephemeral_storage": [
              {
                "size": 512
              }
            ],
            "file_system_config": [],
            "filename": "lambda_card-transaction-save-lambda.zip",
            "function_name": "card-transaction-save-lambda",
            "handler": "card-transaction-save-lambda.handler",
            "id": "card-transaction-save-lambda",
            "image_config": [],
            "image_uri": "",
            "invoke_arn": "arn:aws:apigateway:us-west-1:lambda:path/2015-03-31/functions/arn:aws:lambda:us-west-1:149078755102:function:card-transaction-save-lambda/invocations",
            "kms_key_arn": "",
            "last_modified": "2025-09-09T13:31:29.000+0000",
            "layers": [],
            "logging_config": [
              {
                "application_log_level": "",
                "log_format": "Text",
                "log_group": "/aws/lambda/card-transaction-save-lambda",
                "system_log_level": ""
              }
            ],
            "memory_size": 256,
            "package_type": "Zip",
            "publish": true,
            "qualified_arn": "arn:aws:lambda:us-west-1:149078755102:function:card-transaction-save-lambda:13",
            "qualified_invoke_arn": "arn:aws:apigateway:us-west-1:lambda:path/2015-03-31/functions/arn:aws:lambda:us-west-1:149078755102:function:card-transaction-save-lambda:13/invocations",
            "replace_security_groups_on_destroy": null,
            "replacement_security_group_ids": null,
            "reserved_concurrent_executions": -1,
            "role": "arn:aws:iam::149078755102:role/iam_rol_lambda_card_transaction_save",
            "runtime": "nodejs22.x",
            "s3_bucket": null,
            "s3_key": null,
            "s3_object_version": null,
            "signing_job_arn": "",
            "signing_profile_version_arn": "",
            "skip_destroy": false,
            "snap_start": [],
            "source_code_hash": "Lp40lPJ2QryiaE0eQWXiXns2nX1MKt83TNZZGlcXBX4=",
            "source_code_size": 225659,
            "tags": {},
            "tags_all": {},
            "timeout": 900,
            "timeouts": null,
            "tracing_config": [
              {
                "mode": "PassThrough"
              }
            ],
            "version": "13",
            "vpc_config": []
          },
          "sensitive_attributes": [],
          "identity_schema_version": 0,
          "private": "eyJlMmJmYjczMC1lY2FhLTExZTYtOGY4OC0zNDM2M2JjN2M0YzAiOnsiY3JlYXRlIjo2MDAwMDAwMDAwMDAsImRlbGV0ZSI6NjAwMDAwMDAwMDAwLCJ1cGRhdGUiOjYwMDAwMDAwMDAwMH19",
          "dependencies": [
            "aws_dynamodb_table.card-table",
            "aws_dynamodb_table.transaction-table",
            "aws_iam_role.iam_rol_lambda_card_transaction_save",
            "aws_iam_role_policy.iam_policy_lambda_card_transaction_save",
            "data.archive_file.lambda_card_transaction_save_file",
            "data.aws_iam_policy_document.assume_role_policy",
            "data.aws_iam_policy_document.lambda_card_transaction_save_execution",
            "data.aws_sqs_queue.notification-email-sqs"
          ],
          "create_before_destroy": true
        }
      ]
    },
    {
      "mode": "managed",
      "type": "aws_lambda_function",
      "name": "create-request-card-lambda",
      "provider": "provider[\"registry.terraform.io/hashicorp/aws\"]",
      "instances": [
        {
          "schema_version": 0,
          "attributes": {
            "architectures": [
              "x86_64"
            ],
            "arn": "arn:aws:lambda:us-west-1:149078755102:function:create-request-card-lambda",
            "code_sha256": "ygspue3qzU/YPfVM9t/ISXFgXCEJX5KmnMwuMMKK47k=",
            "code_signing_config_arn": "",
            "dead_letter_config": [],
            "description": "",
            "environment": [
              {
                "variables": {
                  "DYNAMODB_CARDS_TABLE": "card-table",
                  "NOTIFICATIONS_EMAIL_SQS_URL": "https://sqs.us-west-1.amazonaws.com/149078755102/notification-email-sqs"
                }
              }
            ],
            "ephemeral_storage": [
              {
                "size": 512
              }
            ],
            "file_system_config": [],
            "filename": "lambda_create-request-card-lambda.zip",
            "function_name": "create-request-card-lambda",
            "handler": "create-request-card-lambda.handler",
            "id": "create-request-card-lambda",
            "image_config": [],
            "image_uri": "",
            "invoke_arn": "arn:aws:apigateway:us-west-1:lambda:path/2015-03-31/functions/arn:aws:lambda:us-west-1:149078755102:function:create-request-card-lambda/invocations",
            "kms_key_arn": "",
            "last_modified": "2025-09-09T13:31:29.000+0000",
            "layers": [],
            "logging_config": [
              {
                "application_log_level": "",
                "log_format": "Text",
                "log_group": "/aws/lambda/create-request-card-lambda",
                "system_log_level": ""
              }
            ],
            "memory_size": 256,
            "package_type": "Zip",
            "publish": true,
            "qualified_arn": "arn:aws:lambda:us-west-1:149078755102:function:create-request-card-lambda:17",
            "qualified_invoke_arn": "arn:aws:apigateway:us-west-1:lambda:path/2015-03-31/functions/arn:aws:lambda:us-west-1:149078755102:function:create-request-card-lambda:17/invocations",
            "replace_security_groups_on_destroy": null,
            "replacement_security_group_ids": null,
            "reserved_concurrent_executions": -1,
            "role": "arn:aws:iam::149078755102:role/iam_rol_lambda_sqs_create_card",
            "runtime": "nodejs22.x",
            "s3_bucket": null,
            "s3_key": null,
            "s3_object_version": null,
            "signing_job_arn": "",
            "signing_profile_version_arn": "",
            "skip_destroy": false,
            "snap_start": [],
            "source_code_hash": "ygspue3qzU/YPfVM9t/ISXFgXCEJX5KmnMwuMMKK47k=",
            "source_code_size": 2251150,
            "tags": {},
            "tags_all": {},
            "timeout": 900,
            "timeouts": null,
            "tracing_config": [
              {
                "mode": "PassThrough"
              }
            ],
            "version": "17",
            "vpc_config": []
          },
          "sensitive_attributes": [],
          "identity_schema_version": 0,
          "private": "eyJlMmJmYjczMC1lY2FhLTExZTYtOGY4OC0zNDM2M2JjN2M0YzAiOnsiY3JlYXRlIjo2MDAwMDAwMDAwMDAsImRlbGV0ZSI6NjAwMDAwMDAwMDAwLCJ1cGRhdGUiOjYwMDAwMDAwMDAwMH19",
          "dependencies": [
            "aws_dynamodb_table.card-table",
            "aws_iam_role.iam_rol_lambda_sqs_create_card",
            "aws_iam_role_policy.iam_policy_lambda_sqs_create_card",
            "aws_sqs_queue.create-request-card-dlq",
            "aws_sqs_queue.create-request-card-sqs",
            "data.archive_file.lambda_sqs_create_card_file",
            "data.aws_iam_policy_document.assume_role_policy",
            "data.aws_iam_policy_document.lambda_sqs_create_card_execution",
            "data.aws_sqs_queue.notification-email-sqs"
          ]
        }
      ]
    },
    {
      "mode": "managed",
      "type": "aws_lambda_permission",
      "name": "api_gateway_lambda_card_paid",
      "provider": "provider[\"registry.terraform.io/hashicorp/aws\"]",
      "instances": [
        {
          "schema_version": 0,
          "attributes": {
            "action": "lambda:InvokeFunction",
            "event_source_token": null,
            "function_name": "card-paid-credit-card-lambda",
            "function_url_auth_type": null,
            "id": "AllowExecutionFromAPIGatewayCardPaid",
            "principal": "apigateway.amazonaws.com",
            "principal_org_id": null,
            "qualifier": "",
            "source_account": null,
            "source_arn": "arn:aws:execute-api:us-west-1:149078755102:m9ugzkc15h/*/*",
            "statement_id": "AllowExecutionFromAPIGatewayCardPaid",
            "statement_id_prefix": ""
          },
          "sensitive_attributes": [],
          "identity_schema_version": 0,
          "private": "bnVsbA==",
          "dependencies": [
            "aws_api_gateway_rest_api.inferno-bank-api-gateway",
            "aws_dynamodb_table.card-table",
            "aws_dynamodb_table.transaction-table",
            "aws_iam_role.iam_rol_lambda_card_paid_credit_card",
            "aws_iam_role_policy.iam_policy_card_paid_credit_card_lambda",
            "aws_lambda_function.card-paid-credit-card-lambda",
            "data.archive_file.lambda_card_paid_credit_card_file",
            "data.aws_iam_policy_document.assume_role_policy",
            "data.aws_iam_policy_document.lambda_card_paid_credit_card_execution",
            "data.aws_sqs_queue.notification-email-sqs"
          ]
        }
      ]
    },
    {
      "mode": "managed",
      "type": "aws_lambda_permission",
      "name": "api_gateway_lambda_purchase",
      "provider": "provider[\"registry.terraform.io/hashicorp/aws\"]",
      "instances": [
        {
          "schema_version": 0,
          "attributes": {
            "action": "lambda:InvokeFunction",
            "event_source_token": null,
            "function_name": "card-purchase-lambda",
            "function_url_auth_type": null,
            "id": "AllowExecutionFromAPIGateway",
            "principal": "apigateway.amazonaws.com",
            "principal_org_id": null,
            "qualifier": "",
            "source_account": null,
            "source_arn": "arn:aws:execute-api:us-west-1:149078755102:m9ugzkc15h/*/*",
            "statement_id": "AllowExecutionFromAPIGateway",
            "statement_id_prefix": ""
          },
          "sensitive_attributes": [],
          "identity_schema_version": 0,
          "private": "bnVsbA==",
          "dependencies": [
            "aws_api_gateway_rest_api.inferno-bank-api-gateway",
            "aws_dynamodb_table.card-table",
            "aws_dynamodb_table.transaction-table",
            "aws_iam_role.iam_rol_lambda_card_purchase",
            "aws_iam_role_policy.iam_policy_lambda_card_purchase",
            "aws_lambda_function.card-purchase-lambda",
            "data.archive_file.lambda_card_purchase_file",
            "data.aws_iam_policy_document.assume_role_policy",
            "data.aws_iam_policy_document.lambda_card_purchase_execution",
            "data.aws_sqs_queue.notification-email-sqs"
          ]
        }
      ]
    },
    {
      "mode": "managed",
      "type": "aws_lambda_permission",
      "name": "api_gateway_lambda_save",
      "provider": "provider[\"registry.terraform.io/hashicorp/aws\"]",
      "instances": [
        {
          "schema_version": 0,
          "attributes": {
            "action": "lambda:InvokeFunction",
            "event_source_token": null,
            "function_name": "card-transaction-save-lambda",
            "function_url_auth_type": null,
            "id": "AllowExecutionFromAPIGatewaySave",
            "principal": "apigateway.amazonaws.com",
            "principal_org_id": null,
            "qualifier": "",
            "source_account": null,
            "source_arn": "arn:aws:execute-api:us-west-1:149078755102:m9ugzkc15h/*/*",
            "statement_id": "AllowExecutionFromAPIGatewaySave",
            "statement_id_prefix": ""
          },
          "sensitive_attributes": [],
          "identity_schema_version": 0,
          "private": "bnVsbA==",
          "dependencies": [
            "aws_api_gateway_rest_api.inferno-bank-api-gateway",
            "aws_dynamodb_table.card-table",
            "aws_dynamodb_table.transaction-table",
            "aws_iam_role.iam_rol_lambda_card_transaction_save",
            "aws_iam_role_policy.iam_policy_lambda_card_transaction_save",
            "aws_lambda_function.card-transaction-save-lambda",
            "data.archive_file.lambda_card_transaction_save_file",
            "data.aws_iam_policy_document.assume_role_policy",
            "data.aws_iam_policy_document.lambda_card_transaction_save_execution",
            "data.aws_sqs_queue.notification-email-sqs"
          ]
        }
      ]
    },
    {
      "mode": "managed",
      "type": "aws_sqs_queue",
      "name": "create-request-card-dlq",
      "provider": "provider[\"registry.terraform.io/hashicorp/aws\"]",
      "instances": [
        {
          "schema_version": 0,
          "attributes": {
            "arn": "arn:aws:sqs:us-west-1:149078755102:create-request-card-sqs-dlq",
            "content_based_deduplication": false,
            "deduplication_scope": "",
            "delay_seconds": 0,
            "fifo_queue": false,
            "fifo_throughput_limit": "",
            "id": "https://sqs.us-west-1.amazonaws.com/149078755102/create-request-card-sqs-dlq",
            "kms_data_key_reuse_period_seconds": 300,
            "kms_master_key_id": "",
            "max_message_size": 262144,
            "message_retention_seconds": 1209600,
            "name": "create-request-card-sqs-dlq",
            "name_prefix": "",
            "policy": "",
            "receive_wait_time_seconds": 20,
            "redrive_allow_policy": "",
            "redrive_policy": "",
            "sqs_managed_sse_enabled": true,
            "tags": {},
            "tags_all": {},
            "timeouts": null,
            "url": "https://sqs.us-west-1.amazonaws.com/149078755102/create-request-card-sqs-dlq",
            "visibility_timeout_seconds": 960
          },
          "sensitive_attributes": [],
          "identity_schema_version": 0,
          "private": "eyJlMmJmYjczMC1lY2FhLTExZTYtOGY4OC0zNDM2M2JjN2M0YzAiOnsiY3JlYXRlIjoxODAwMDAwMDAwMDAsImRlbGV0ZSI6MTgwMDAwMDAwMDAwLCJ1cGRhdGUiOjE4MDAwMDAwMDAwMH19"
        }
      ]
    },
    {
      "mode": "managed",
      "type": "aws_sqs_queue",
      "name": "create-request-card-sqs",
      "provider": "provider[\"registry.terraform.io/hashicorp/aws\"]",
      "instances": [
        {
          "schema_version": 0,
          "attributes": {
            "arn": "arn:aws:sqs:us-west-1:149078755102:create-request-card-sqs",
            "content_based_deduplication": false,
            "deduplication_scope": "",
            "delay_seconds": 0,
            "fifo_queue": false,
            "fifo_throughput_limit": "",
            "id": "https://sqs.us-west-1.amazonaws.com/149078755102/create-request-card-sqs",
            "kms_data_key_reuse_period_seconds": 300,
            "kms_master_key_id": "",
            "max_message_size": 262144,
            "message_retention_seconds": 1209600,
            "name": "create-request-card-sqs",
            "name_prefix": "",
            "policy": "",
            "receive_wait_time_seconds": 20,
            "redrive_allow_policy": "",
            "redrive_policy": "{\"deadLetterTargetArn\":\"arn:aws:sqs:us-west-1:149078755102:create-request-card-sqs-dlq\",\"maxReceiveCount\":1}",
            "sqs_managed_sse_enabled": true,
            "tags": {},
            "tags_all": {},
            "timeouts": null,
            "url": "https://sqs.us-west-1.amazonaws.com/149078755102/create-request-card-sqs",
            "visibility_timeout_seconds": 20
          },
          "sensitive_attributes": [],
          "identity_schema_version": 0,
          "private": "eyJlMmJmYjczMC1lY2FhLTExZTYtOGY4OC0zNDM2M2JjN2M0YzAiOnsiY3JlYXRlIjoxODAwMDAwMDAwMDAsImRlbGV0ZSI6MTgwMDAwMDAwMDAwLCJ1cGRhdGUiOjE4MDAwMDAwMDAwMH19",
          "dependencies": [
            "aws_sqs_queue.create-request-card-dlq"
          ]
        }
      ]
    }
  ],
  "check_results": null
}
